// !$*UTF8*$!
{
	archiveVersion = 1;
	classes = {
	};
	objectVersion = 55;
	objects = {

/* Begin PBXBuildFile section */
		B148F04F27836DA3000B24C6 /* AddAccount.swift in Sources */ = {isa = PBXBuildFile; fileRef = B148F04E27836DA3000B24C6 /* AddAccount.swift */; };
		B148F05127836F0F000B24C6 /* AccountModel.swift in Sources */ = {isa = PBXBuildFile; fileRef = B148F05027836F0F000B24C6 /* AccountModel.swift */; };
		B148F05F27836F5E000B24C6 /* Data.framework in Frameworks */ = {isa = PBXBuildFile; fileRef = B148F05727836F5E000B24C6 /* Data.framework */; };
		B148F06427836F5E000B24C6 /* RemoteAddAccountTests.swift in Sources */ = {isa = PBXBuildFile; fileRef = B148F06327836F5E000B24C6 /* RemoteAddAccountTests.swift */; };
		B148F06D27836FB4000B24C6 /* Domain.framework in Frameworks */ = {isa = PBXBuildFile; fileRef = B148F04727836CDF000B24C6 /* Domain.framework */; };
		B148F06E27836FB4000B24C6 /* Domain.framework in Embed Frameworks */ = {isa = PBXBuildFile; fileRef = B148F04727836CDF000B24C6 /* Domain.framework */; settings = {ATTRIBUTES = (CodeSignOnCopy, RemoveHeadersOnCopy, ); }; };
		B148F074278386D8000B24C6 /* Model.swift in Sources */ = {isa = PBXBuildFile; fileRef = B148F073278386D8000B24C6 /* Model.swift */; };
		B148F07627838750000B24C6 /* RemoteAddAccount.swift in Sources */ = {isa = PBXBuildFile; fileRef = B148F07527838750000B24C6 /* RemoteAddAccount.swift */; };
		B148F078278387AD000B24C6 /* HttpPostClient.swift in Sources */ = {isa = PBXBuildFile; fileRef = B148F077278387AD000B24C6 /* HttpPostClient.swift */; };
		B148F08027838DA4000B24C6 /* DomainError.swift in Sources */ = {isa = PBXBuildFile; fileRef = B148F07F27838DA4000B24C6 /* DomainError.swift */; };
		B148F0822783900A000B24C6 /* HttpError.swift in Sources */ = {isa = PBXBuildFile; fileRef = B148F0812783900A000B24C6 /* HttpError.swift */; };
		B148F08527839FF0000B24C6 /* ExtensionHelpers.swift in Sources */ = {isa = PBXBuildFile; fileRef = B148F08427839FF0000B24C6 /* ExtensionHelpers.swift */; };
		B148F08827846D6F000B24C6 /* TestExtensions.swift in Sources */ = {isa = PBXBuildFile; fileRef = B148F08727846D6F000B24C6 /* TestExtensions.swift */; };
		B148F08A27846DF6000B24C6 /* TestFactories.swift in Sources */ = {isa = PBXBuildFile; fileRef = B148F08927846DF6000B24C6 /* TestFactories.swift */; };
		B148F08D27846E7B000B24C6 /* HttpClientSpy.swift in Sources */ = {isa = PBXBuildFile; fileRef = B148F08C27846E7B000B24C6 /* HttpClientSpy.swift */; };
		B148F08F27846EC1000B24C6 /* AccountModelFactory.swift in Sources */ = {isa = PBXBuildFile; fileRef = B148F08E27846EC1000B24C6 /* AccountModelFactory.swift */; };
		B148F09D278470AD000B24C6 /* Infra.framework in Frameworks */ = {isa = PBXBuildFile; fileRef = B148F095278470AC000B24C6 /* Infra.framework */; };
		B148F0AB278470E3000B24C6 /* AlamofireAdapterTests.swift in Sources */ = {isa = PBXBuildFile; fileRef = B148F0AA278470E3000B24C6 /* AlamofireAdapterTests.swift */; };
		B148F0AC278472A1000B24C6 /* Data.framework in Frameworks */ = {isa = PBXBuildFile; fileRef = B148F05727836F5E000B24C6 /* Data.framework */; };
		B148F0AD278472A1000B24C6 /* Data.framework in Embed Frameworks */ = {isa = PBXBuildFile; fileRef = B148F05727836F5E000B24C6 /* Data.framework */; settings = {ATTRIBUTES = (CodeSignOnCopy, RemoveHeadersOnCopy, ); }; };
		B148F0B1278472DF000B24C6 /* TestExtensions.swift in Sources */ = {isa = PBXBuildFile; fileRef = B148F08727846D6F000B24C6 /* TestExtensions.swift */; };
		B148F0B2278472F2000B24C6 /* TestFactories.swift in Sources */ = {isa = PBXBuildFile; fileRef = B148F08927846DF6000B24C6 /* TestFactories.swift */; };
		B148F0B527847424000B24C6 /* Alamofire in Frameworks */ = {isa = PBXBuildFile; productRef = B148F0B427847424000B24C6 /* Alamofire */; };
		B148F0B727850276000B24C6 /* AlamofireAdapter.swift in Sources */ = {isa = PBXBuildFile; fileRef = B148F0B627850276000B24C6 /* AlamofireAdapter.swift */; };
		B148F0BB2785035F000B24C6 /* UrlProtocolStub.swift in Sources */ = {isa = PBXBuildFile; fileRef = B148F0BA2785035F000B24C6 /* UrlProtocolStub.swift */; };
		B148F0C32785087A000B24C6 /* AddAccountIntegrationTests.swift in Sources */ = {isa = PBXBuildFile; fileRef = B148F0C22785087A000B24C6 /* AddAccountIntegrationTests.swift */; };
		B148F0C42785087A000B24C6 /* Data.framework in Frameworks */ = {isa = PBXBuildFile; fileRef = B148F05727836F5E000B24C6 /* Data.framework */; };
		B148F0DB2785AFCE000B24C6 /* Presentation.framework in Frameworks */ = {isa = PBXBuildFile; fileRef = B148F0D32785AFCE000B24C6 /* Presentation.framework */; };
		B148F0E02785AFCE000B24C6 /* SignUpPresenterTests.swift in Sources */ = {isa = PBXBuildFile; fileRef = B148F0DF2785AFCE000B24C6 /* SignUpPresenterTests.swift */; };
		B148F0E92785C734000B24C6 /* SignUpPresenter.swift in Sources */ = {isa = PBXBuildFile; fileRef = B148F0E82785C734000B24C6 /* SignUpPresenter.swift */; };
		B148F0EE2785C7AC000B24C6 /* AlertView.swift in Sources */ = {isa = PBXBuildFile; fileRef = B148F0ED2785C7AC000B24C6 /* AlertView.swift */; };
		B148F0F42785CBBA000B24C6 /* EmailValidator.swift in Sources */ = {isa = PBXBuildFile; fileRef = B148F0F32785CBBA000B24C6 /* EmailValidator.swift */; };
		B16C61CA27860E220091E762 /* TestExtensions.swift in Sources */ = {isa = PBXBuildFile; fileRef = B148F08727846D6F000B24C6 /* TestExtensions.swift */; };
		B16C61CC278610360091E762 /* LoadingView.swift in Sources */ = {isa = PBXBuildFile; fileRef = B16C61CB278610360091E762 /* LoadingView.swift */; };
		B16C61D027861CE80091E762 /* SignUpViewModel.swift in Sources */ = {isa = PBXBuildFile; fileRef = B16C61CE27861CC80091E762 /* SignUpViewModel.swift */; };
		B16C61D227861D570091E762 /* SignUpMapper.swift in Sources */ = {isa = PBXBuildFile; fileRef = B16C61D127861D570091E762 /* SignUpMapper.swift */; };
		B16C61D527861EF80091E762 /* AlertViewSpy.swift in Sources */ = {isa = PBXBuildFile; fileRef = B16C61D427861EF80091E762 /* AlertViewSpy.swift */; };
		B16C61D827861F440091E762 /* EmailValidatorSpy.swift in Sources */ = {isa = PBXBuildFile; fileRef = B16C61D727861F440091E762 /* EmailValidatorSpy.swift */; };
		B16C61DB27861F7F0091E762 /* AddAccountSpy.swift in Sources */ = {isa = PBXBuildFile; fileRef = B16C61DA27861F7F0091E762 /* AddAccountSpy.swift */; };
		B16C61DD27861FCC0091E762 /* LoadingViewSpy.swift in Sources */ = {isa = PBXBuildFile; fileRef = B16C61DC27861FCC0091E762 /* LoadingViewSpy.swift */; };
		B16C61E0278620550091E762 /* TestFactories.swift in Sources */ = {isa = PBXBuildFile; fileRef = B16C61DF278620550091E762 /* TestFactories.swift */; };
		B16C61EE2786234A0091E762 /* UI.framework in Frameworks */ = {isa = PBXBuildFile; fileRef = B16C61E62786234A0091E762 /* UI.framework */; };
		B16C61F32786234A0091E762 /* SignUpViewControllerTests.swift in Sources */ = {isa = PBXBuildFile; fileRef = B16C61F22786234A0091E762 /* SignUpViewControllerTests.swift */; };
		B16C61FB278624DB0091E762 /* Presentation.framework in Frameworks */ = {isa = PBXBuildFile; fileRef = B148F0D32785AFCE000B24C6 /* Presentation.framework */; };
		B16C61FC278624DB0091E762 /* Presentation.framework in Embed Frameworks */ = {isa = PBXBuildFile; fileRef = B148F0D32785AFCE000B24C6 /* Presentation.framework */; settings = {ATTRIBUTES = (CodeSignOnCopy, RemoveHeadersOnCopy, ); }; };
		B16C6201278627D90091E762 /* SignUpViewController.swift in Sources */ = {isa = PBXBuildFile; fileRef = B16C6200278627D90091E762 /* SignUpViewController.swift */; };
		B16C620B27862BB90091E762 /* SignUp.storyboard in Resources */ = {isa = PBXBuildFile; fileRef = B16C620A27862BB90091E762 /* SignUp.storyboard */; };
		B1A829222788D35F005C3240 /* TestExtensions.swift in Sources */ = {isa = PBXBuildFile; fileRef = B1A829212788D35F005C3240 /* TestExtensions.swift */; };
		B1A829252788DBFC005C3240 /* UIViewControllerExtensions.swift in Sources */ = {isa = PBXBuildFile; fileRef = B1A829242788DBFC005C3240 /* UIViewControllerExtensions.swift */; };
		B1E978822785FF5A002CA6BF /* AccountModelFactory.swift in Sources */ = {isa = PBXBuildFile; fileRef = B148F08E27846EC1000B24C6 /* AccountModelFactory.swift */; };
/* End PBXBuildFile section */

/* Begin PBXContainerItemProxy section */
		B148F06027836F5E000B24C6 /* PBXContainerItemProxy */ = {
			isa = PBXContainerItemProxy;
			containerPortal = B148F02F27836BD8000B24C6 /* Project object */;
			proxyType = 1;
			remoteGlobalIDString = B148F05627836F5E000B24C6;
			remoteInfo = Data;
		};
		B148F06F27836FB4000B24C6 /* PBXContainerItemProxy */ = {
			isa = PBXContainerItemProxy;
			containerPortal = B148F02F27836BD8000B24C6 /* Project object */;
			proxyType = 1;
			remoteGlobalIDString = B148F04627836CDF000B24C6;
			remoteInfo = Domain;
		};
		B148F09E278470AD000B24C6 /* PBXContainerItemProxy */ = {
			isa = PBXContainerItemProxy;
			containerPortal = B148F02F27836BD8000B24C6 /* Project object */;
			proxyType = 1;
			remoteGlobalIDString = B148F094278470AC000B24C6;
			remoteInfo = Infra;
		};
		B148F0AE278472A1000B24C6 /* PBXContainerItemProxy */ = {
			isa = PBXContainerItemProxy;
			containerPortal = B148F02F27836BD8000B24C6 /* Project object */;
			proxyType = 1;
			remoteGlobalIDString = B148F05627836F5E000B24C6;
			remoteInfo = Data;
		};
		B148F0C52785087A000B24C6 /* PBXContainerItemProxy */ = {
			isa = PBXContainerItemProxy;
			containerPortal = B148F02F27836BD8000B24C6 /* Project object */;
			proxyType = 1;
			remoteGlobalIDString = B148F05627836F5E000B24C6;
			remoteInfo = Data;
		};
		B148F0CA278508A1000B24C6 /* PBXContainerItemProxy */ = {
			isa = PBXContainerItemProxy;
			containerPortal = B148F02F27836BD8000B24C6 /* Project object */;
			proxyType = 1;
			remoteGlobalIDString = B148F04627836CDF000B24C6;
			remoteInfo = Domain;
		};
		B148F0CC278508A1000B24C6 /* PBXContainerItemProxy */ = {
			isa = PBXContainerItemProxy;
			containerPortal = B148F02F27836BD8000B24C6 /* Project object */;
			proxyType = 1;
			remoteGlobalIDString = B148F094278470AC000B24C6;
			remoteInfo = Infra;
		};
		B148F0DC2785AFCE000B24C6 /* PBXContainerItemProxy */ = {
			isa = PBXContainerItemProxy;
			containerPortal = B148F02F27836BD8000B24C6 /* Project object */;
			proxyType = 1;
			remoteGlobalIDString = B148F0D22785AFCE000B24C6;
			remoteInfo = Presentation;
		};
		B148F0EA2785C74B000B24C6 /* PBXContainerItemProxy */ = {
			isa = PBXContainerItemProxy;
			containerPortal = B148F02F27836BD8000B24C6 /* Project object */;
			proxyType = 1;
			remoteGlobalIDString = B148F04627836CDF000B24C6;
			remoteInfo = Domain;
		};
		B16C61EF2786234A0091E762 /* PBXContainerItemProxy */ = {
			isa = PBXContainerItemProxy;
			containerPortal = B148F02F27836BD8000B24C6 /* Project object */;
			proxyType = 1;
			remoteGlobalIDString = B16C61E52786234A0091E762;
			remoteInfo = UI;
		};
		B16C61FD278624DB0091E762 /* PBXContainerItemProxy */ = {
			isa = PBXContainerItemProxy;
			containerPortal = B148F02F27836BD8000B24C6 /* Project object */;
			proxyType = 1;
			remoteGlobalIDString = B148F0D22785AFCE000B24C6;
			remoteInfo = Presentation;
		};
/* End PBXContainerItemProxy section */

/* Begin PBXCopyFilesBuildPhase section */
		B148F07127836FB4000B24C6 /* Embed Frameworks */ = {
			isa = PBXCopyFilesBuildPhase;
			buildActionMask = 2147483647;
			dstPath = "";
			dstSubfolderSpec = 10;
			files = (
				B148F06E27836FB4000B24C6 /* Domain.framework in Embed Frameworks */,
			);
			name = "Embed Frameworks";
			runOnlyForDeploymentPostprocessing = 0;
		};
		B148F0B0278472A1000B24C6 /* Embed Frameworks */ = {
			isa = PBXCopyFilesBuildPhase;
			buildActionMask = 2147483647;
			dstPath = "";
			dstSubfolderSpec = 10;
			files = (
				B148F0AD278472A1000B24C6 /* Data.framework in Embed Frameworks */,
			);
			name = "Embed Frameworks";
			runOnlyForDeploymentPostprocessing = 0;
		};
		B16C61FF278624DC0091E762 /* Embed Frameworks */ = {
			isa = PBXCopyFilesBuildPhase;
			buildActionMask = 2147483647;
			dstPath = "";
			dstSubfolderSpec = 10;
			files = (
				B16C61FC278624DB0091E762 /* Presentation.framework in Embed Frameworks */,
			);
			name = "Embed Frameworks";
			runOnlyForDeploymentPostprocessing = 0;
		};
/* End PBXCopyFilesBuildPhase section */

/* Begin PBXFileReference section */
		B148F04727836CDF000B24C6 /* Domain.framework */ = {isa = PBXFileReference; explicitFileType = wrapper.framework; includeInIndex = 0; path = Domain.framework; sourceTree = BUILT_PRODUCTS_DIR; };
		B148F04E27836DA3000B24C6 /* AddAccount.swift */ = {isa = PBXFileReference; lastKnownFileType = sourcecode.swift; path = AddAccount.swift; sourceTree = "<group>"; };
		B148F05027836F0F000B24C6 /* AccountModel.swift */ = {isa = PBXFileReference; lastKnownFileType = sourcecode.swift; path = AccountModel.swift; sourceTree = "<group>"; };
		B148F05727836F5E000B24C6 /* Data.framework */ = {isa = PBXFileReference; explicitFileType = wrapper.framework; includeInIndex = 0; path = Data.framework; sourceTree = BUILT_PRODUCTS_DIR; };
		B148F05E27836F5E000B24C6 /* DataTests.xctest */ = {isa = PBXFileReference; explicitFileType = wrapper.cfbundle; includeInIndex = 0; path = DataTests.xctest; sourceTree = BUILT_PRODUCTS_DIR; };
		B148F06327836F5E000B24C6 /* RemoteAddAccountTests.swift */ = {isa = PBXFileReference; lastKnownFileType = sourcecode.swift; path = RemoteAddAccountTests.swift; sourceTree = "<group>"; };
		B148F073278386D8000B24C6 /* Model.swift */ = {isa = PBXFileReference; lastKnownFileType = sourcecode.swift; path = Model.swift; sourceTree = "<group>"; };
		B148F07527838750000B24C6 /* RemoteAddAccount.swift */ = {isa = PBXFileReference; lastKnownFileType = sourcecode.swift; path = RemoteAddAccount.swift; sourceTree = "<group>"; };
		B148F077278387AD000B24C6 /* HttpPostClient.swift */ = {isa = PBXFileReference; lastKnownFileType = sourcecode.swift; path = HttpPostClient.swift; sourceTree = "<group>"; };
		B148F07F27838DA4000B24C6 /* DomainError.swift */ = {isa = PBXFileReference; lastKnownFileType = sourcecode.swift; path = DomainError.swift; sourceTree = "<group>"; };
		B148F0812783900A000B24C6 /* HttpError.swift */ = {isa = PBXFileReference; lastKnownFileType = sourcecode.swift; path = HttpError.swift; sourceTree = "<group>"; };
		B148F08427839FF0000B24C6 /* ExtensionHelpers.swift */ = {isa = PBXFileReference; lastKnownFileType = sourcecode.swift; path = ExtensionHelpers.swift; sourceTree = "<group>"; };
		B148F08727846D6F000B24C6 /* TestExtensions.swift */ = {isa = PBXFileReference; lastKnownFileType = sourcecode.swift; path = TestExtensions.swift; sourceTree = "<group>"; };
		B148F08927846DF6000B24C6 /* TestFactories.swift */ = {isa = PBXFileReference; lastKnownFileType = sourcecode.swift; path = TestFactories.swift; sourceTree = "<group>"; };
		B148F08C27846E7B000B24C6 /* HttpClientSpy.swift */ = {isa = PBXFileReference; lastKnownFileType = sourcecode.swift; path = HttpClientSpy.swift; sourceTree = "<group>"; };
		B148F08E27846EC1000B24C6 /* AccountModelFactory.swift */ = {isa = PBXFileReference; lastKnownFileType = sourcecode.swift; path = AccountModelFactory.swift; sourceTree = "<group>"; };
		B148F095278470AC000B24C6 /* Infra.framework */ = {isa = PBXFileReference; explicitFileType = wrapper.framework; includeInIndex = 0; path = Infra.framework; sourceTree = BUILT_PRODUCTS_DIR; };
		B148F09C278470AD000B24C6 /* InfraTests.xctest */ = {isa = PBXFileReference; explicitFileType = wrapper.cfbundle; includeInIndex = 0; path = InfraTests.xctest; sourceTree = BUILT_PRODUCTS_DIR; };
		B148F0AA278470E3000B24C6 /* AlamofireAdapterTests.swift */ = {isa = PBXFileReference; lastKnownFileType = sourcecode.swift; path = AlamofireAdapterTests.swift; sourceTree = "<group>"; };
		B148F0B627850276000B24C6 /* AlamofireAdapter.swift */ = {isa = PBXFileReference; lastKnownFileType = sourcecode.swift; path = AlamofireAdapter.swift; sourceTree = "<group>"; };
		B148F0BA2785035F000B24C6 /* UrlProtocolStub.swift */ = {isa = PBXFileReference; lastKnownFileType = sourcecode.swift; path = UrlProtocolStub.swift; sourceTree = "<group>"; };
		B148F0C02785087A000B24C6 /* UseCasesIntegrationTests.xctest */ = {isa = PBXFileReference; explicitFileType = wrapper.cfbundle; includeInIndex = 0; path = UseCasesIntegrationTests.xctest; sourceTree = BUILT_PRODUCTS_DIR; };
		B148F0C22785087A000B24C6 /* AddAccountIntegrationTests.swift */ = {isa = PBXFileReference; lastKnownFileType = sourcecode.swift; path = AddAccountIntegrationTests.swift; sourceTree = "<group>"; };
		B148F0D32785AFCE000B24C6 /* Presentation.framework */ = {isa = PBXFileReference; explicitFileType = wrapper.framework; includeInIndex = 0; path = Presentation.framework; sourceTree = BUILT_PRODUCTS_DIR; };
		B148F0DA2785AFCE000B24C6 /* PresentationTests.xctest */ = {isa = PBXFileReference; explicitFileType = wrapper.cfbundle; includeInIndex = 0; path = PresentationTests.xctest; sourceTree = BUILT_PRODUCTS_DIR; };
		B148F0DF2785AFCE000B24C6 /* SignUpPresenterTests.swift */ = {isa = PBXFileReference; lastKnownFileType = sourcecode.swift; path = SignUpPresenterTests.swift; sourceTree = "<group>"; };
		B148F0E82785C734000B24C6 /* SignUpPresenter.swift */ = {isa = PBXFileReference; lastKnownFileType = sourcecode.swift; path = SignUpPresenter.swift; sourceTree = "<group>"; };
		B148F0ED2785C7AC000B24C6 /* AlertView.swift */ = {isa = PBXFileReference; lastKnownFileType = sourcecode.swift; path = AlertView.swift; sourceTree = "<group>"; };
		B148F0F32785CBBA000B24C6 /* EmailValidator.swift */ = {isa = PBXFileReference; lastKnownFileType = sourcecode.swift; path = EmailValidator.swift; sourceTree = "<group>"; };
		B16C61CB278610360091E762 /* LoadingView.swift */ = {isa = PBXFileReference; lastKnownFileType = sourcecode.swift; path = LoadingView.swift; sourceTree = "<group>"; };
		B16C61CE27861CC80091E762 /* SignUpViewModel.swift */ = {isa = PBXFileReference; lastKnownFileType = sourcecode.swift; path = SignUpViewModel.swift; sourceTree = "<group>"; };
		B16C61D127861D570091E762 /* SignUpMapper.swift */ = {isa = PBXFileReference; lastKnownFileType = sourcecode.swift; path = SignUpMapper.swift; sourceTree = "<group>"; };
		B16C61D427861EF80091E762 /* AlertViewSpy.swift */ = {isa = PBXFileReference; lastKnownFileType = sourcecode.swift; path = AlertViewSpy.swift; sourceTree = "<group>"; };
		B16C61D727861F440091E762 /* EmailValidatorSpy.swift */ = {isa = PBXFileReference; lastKnownFileType = sourcecode.swift; path = EmailValidatorSpy.swift; sourceTree = "<group>"; };
		B16C61DA27861F7F0091E762 /* AddAccountSpy.swift */ = {isa = PBXFileReference; lastKnownFileType = sourcecode.swift; path = AddAccountSpy.swift; sourceTree = "<group>"; };
		B16C61DC27861FCC0091E762 /* LoadingViewSpy.swift */ = {isa = PBXFileReference; lastKnownFileType = sourcecode.swift; path = LoadingViewSpy.swift; sourceTree = "<group>"; };
		B16C61DF278620550091E762 /* TestFactories.swift */ = {isa = PBXFileReference; lastKnownFileType = sourcecode.swift; path = TestFactories.swift; sourceTree = "<group>"; };
		B16C61E62786234A0091E762 /* UI.framework */ = {isa = PBXFileReference; explicitFileType = wrapper.framework; includeInIndex = 0; path = UI.framework; sourceTree = BUILT_PRODUCTS_DIR; };
		B16C61ED2786234A0091E762 /* UITests.xctest */ = {isa = PBXFileReference; explicitFileType = wrapper.cfbundle; includeInIndex = 0; path = UITests.xctest; sourceTree = BUILT_PRODUCTS_DIR; };
		B16C61F22786234A0091E762 /* SignUpViewControllerTests.swift */ = {isa = PBXFileReference; lastKnownFileType = sourcecode.swift; path = SignUpViewControllerTests.swift; sourceTree = "<group>"; };
		B16C6200278627D90091E762 /* SignUpViewController.swift */ = {isa = PBXFileReference; lastKnownFileType = sourcecode.swift; path = SignUpViewController.swift; sourceTree = "<group>"; };
		B16C620A27862BB90091E762 /* SignUp.storyboard */ = {isa = PBXFileReference; lastKnownFileType = file.storyboard; path = SignUp.storyboard; sourceTree = "<group>"; };
		B1A829212788D35F005C3240 /* TestExtensions.swift */ = {isa = PBXFileReference; lastKnownFileType = sourcecode.swift; path = TestExtensions.swift; sourceTree = "<group>"; };
		B1A829242788DBFC005C3240 /* UIViewControllerExtensions.swift */ = {isa = PBXFileReference; lastKnownFileType = sourcecode.swift; path = UIViewControllerExtensions.swift; sourceTree = "<group>"; };
/* End PBXFileReference section */

/* Begin PBXFrameworksBuildPhase section */
		B148F04427836CDF000B24C6 /* Frameworks */ = {
			isa = PBXFrameworksBuildPhase;
			buildActionMask = 2147483647;
			files = (
			);
			runOnlyForDeploymentPostprocessing = 0;
		};
		B148F05427836F5E000B24C6 /* Frameworks */ = {
			isa = PBXFrameworksBuildPhase;
			buildActionMask = 2147483647;
			files = (
				B148F06D27836FB4000B24C6 /* Domain.framework in Frameworks */,
			);
			runOnlyForDeploymentPostprocessing = 0;
		};
		B148F05B27836F5E000B24C6 /* Frameworks */ = {
			isa = PBXFrameworksBuildPhase;
			buildActionMask = 2147483647;
			files = (
				B148F05F27836F5E000B24C6 /* Data.framework in Frameworks */,
			);
			runOnlyForDeploymentPostprocessing = 0;
		};
		B148F092278470AC000B24C6 /* Frameworks */ = {
			isa = PBXFrameworksBuildPhase;
			buildActionMask = 2147483647;
			files = (
				B148F0AC278472A1000B24C6 /* Data.framework in Frameworks */,
				B148F0B527847424000B24C6 /* Alamofire in Frameworks */,
			);
			runOnlyForDeploymentPostprocessing = 0;
		};
		B148F099278470AD000B24C6 /* Frameworks */ = {
			isa = PBXFrameworksBuildPhase;
			buildActionMask = 2147483647;
			files = (
				B148F09D278470AD000B24C6 /* Infra.framework in Frameworks */,
			);
			runOnlyForDeploymentPostprocessing = 0;
		};
		B148F0BD2785087A000B24C6 /* Frameworks */ = {
			isa = PBXFrameworksBuildPhase;
			buildActionMask = 2147483647;
			files = (
				B148F0C42785087A000B24C6 /* Data.framework in Frameworks */,
			);
			runOnlyForDeploymentPostprocessing = 0;
		};
		B148F0D02785AFCE000B24C6 /* Frameworks */ = {
			isa = PBXFrameworksBuildPhase;
			buildActionMask = 2147483647;
			files = (
			);
			runOnlyForDeploymentPostprocessing = 0;
		};
		B148F0D72785AFCE000B24C6 /* Frameworks */ = {
			isa = PBXFrameworksBuildPhase;
			buildActionMask = 2147483647;
			files = (
				B148F0DB2785AFCE000B24C6 /* Presentation.framework in Frameworks */,
			);
			runOnlyForDeploymentPostprocessing = 0;
		};
		B16C61E32786234A0091E762 /* Frameworks */ = {
			isa = PBXFrameworksBuildPhase;
			buildActionMask = 2147483647;
			files = (
				B16C61FB278624DB0091E762 /* Presentation.framework in Frameworks */,
			);
			runOnlyForDeploymentPostprocessing = 0;
		};
		B16C61EA2786234A0091E762 /* Frameworks */ = {
			isa = PBXFrameworksBuildPhase;
			buildActionMask = 2147483647;
			files = (
				B16C61EE2786234A0091E762 /* UI.framework in Frameworks */,
			);
			runOnlyForDeploymentPostprocessing = 0;
		};
/* End PBXFrameworksBuildPhase section */

/* Begin PBXGroup section */
		B148F02E27836BD8000B24C6 = {
			isa = PBXGroup;
			children = (
				B148F04827836CDF000B24C6 /* Domain */,
				B148F05827836F5E000B24C6 /* Data */,
				B148F06227836F5E000B24C6 /* DataTests */,
				B148F096278470AD000B24C6 /* Infra */,
				B148F0A0278470AD000B24C6 /* InfraTests */,
				B148F0C12785087A000B24C6 /* UseCasesIntegrationTests */,
				B148F0D42785AFCE000B24C6 /* Presentation */,
				B148F0DE2785AFCE000B24C6 /* PresentationTests */,
				B16C61E72786234A0091E762 /* UI */,
				B16C61F12786234A0091E762 /* UITests */,
				B148F03927836BD8000B24C6 /* Products */,
				B148F06C27836FB4000B24C6 /* Frameworks */,
			);
			sourceTree = "<group>";
		};
		B148F03927836BD8000B24C6 /* Products */ = {
			isa = PBXGroup;
			children = (
				B148F04727836CDF000B24C6 /* Domain.framework */,
				B148F05727836F5E000B24C6 /* Data.framework */,
				B148F05E27836F5E000B24C6 /* DataTests.xctest */,
				B148F095278470AC000B24C6 /* Infra.framework */,
				B148F09C278470AD000B24C6 /* InfraTests.xctest */,
				B148F0C02785087A000B24C6 /* UseCasesIntegrationTests.xctest */,
				B148F0D32785AFCE000B24C6 /* Presentation.framework */,
				B148F0DA2785AFCE000B24C6 /* PresentationTests.xctest */,
				B16C61E62786234A0091E762 /* UI.framework */,
				B16C61ED2786234A0091E762 /* UITests.xctest */,
			);
			name = Products;
			sourceTree = "<group>";
		};
		B148F04827836CDF000B24C6 /* Domain */ = {
			isa = PBXGroup;
			children = (
				B148F079278387EF000B24C6 /* UseCases */,
				B148F07A278387FA000B24C6 /* Models */,
				B148F07E27838D9C000B24C6 /* Errors */,
			);
			path = Domain;
			sourceTree = "<group>";
		};
		B148F05827836F5E000B24C6 /* Data */ = {
			isa = PBXGroup;
			children = (
				B148F08327839FE1000B24C6 /* Helpers */,
				B148F07B2783886B000B24C6 /* UseCases */,
				B148F07C27838873000B24C6 /* Http */,
			);
			path = Data;
			sourceTree = "<group>";
		};
		B148F06227836F5E000B24C6 /* DataTests */ = {
			isa = PBXGroup;
			children = (
				B148F08627846D62000B24C6 /* Helpers */,
				B148F07D27838888000B24C6 /* UseCases */,
				B148F08B27846E4A000B24C6 /* Http */,
			);
			path = DataTests;
			sourceTree = "<group>";
		};
		B148F06C27836FB4000B24C6 /* Frameworks */ = {
			isa = PBXGroup;
			children = (
			);
			name = Frameworks;
			sourceTree = "<group>";
		};
		B148F079278387EF000B24C6 /* UseCases */ = {
			isa = PBXGroup;
			children = (
				B148F04E27836DA3000B24C6 /* AddAccount.swift */,
			);
			path = UseCases;
			sourceTree = "<group>";
		};
		B148F07A278387FA000B24C6 /* Models */ = {
			isa = PBXGroup;
			children = (
				B148F073278386D8000B24C6 /* Model.swift */,
				B148F05027836F0F000B24C6 /* AccountModel.swift */,
			);
			path = Models;
			sourceTree = "<group>";
		};
		B148F07B2783886B000B24C6 /* UseCases */ = {
			isa = PBXGroup;
			children = (
				B148F07527838750000B24C6 /* RemoteAddAccount.swift */,
			);
			path = UseCases;
			sourceTree = "<group>";
		};
		B148F07C27838873000B24C6 /* Http */ = {
			isa = PBXGroup;
			children = (
				B148F077278387AD000B24C6 /* HttpPostClient.swift */,
				B148F0812783900A000B24C6 /* HttpError.swift */,
			);
			path = Http;
			sourceTree = "<group>";
		};
		B148F07D27838888000B24C6 /* UseCases */ = {
			isa = PBXGroup;
			children = (
				B148F06327836F5E000B24C6 /* RemoteAddAccountTests.swift */,
			);
			path = UseCases;
			sourceTree = "<group>";
		};
		B148F07E27838D9C000B24C6 /* Errors */ = {
			isa = PBXGroup;
			children = (
				B148F07F27838DA4000B24C6 /* DomainError.swift */,
			);
			path = Errors;
			sourceTree = "<group>";
		};
		B148F08327839FE1000B24C6 /* Helpers */ = {
			isa = PBXGroup;
			children = (
				B148F08427839FF0000B24C6 /* ExtensionHelpers.swift */,
			);
			path = Helpers;
			sourceTree = "<group>";
		};
		B148F08627846D62000B24C6 /* Helpers */ = {
			isa = PBXGroup;
			children = (
				B148F08727846D6F000B24C6 /* TestExtensions.swift */,
				B148F08927846DF6000B24C6 /* TestFactories.swift */,
				B148F08E27846EC1000B24C6 /* AccountModelFactory.swift */,
			);
			path = Helpers;
			sourceTree = "<group>";
		};
		B148F08B27846E4A000B24C6 /* Http */ = {
			isa = PBXGroup;
			children = (
				B148F08C27846E7B000B24C6 /* HttpClientSpy.swift */,
			);
			path = Http;
			sourceTree = "<group>";
		};
		B148F096278470AD000B24C6 /* Infra */ = {
			isa = PBXGroup;
			children = (
				B148F0B8278502FC000B24C6 /* Http */,
			);
			path = Infra;
			sourceTree = "<group>";
		};
		B148F0A0278470AD000B24C6 /* InfraTests */ = {
			isa = PBXGroup;
			children = (
				B148F0B927850343000B24C6 /* Http */,
			);
			path = InfraTests;
			sourceTree = "<group>";
		};
		B148F0B8278502FC000B24C6 /* Http */ = {
			isa = PBXGroup;
			children = (
				B148F0B627850276000B24C6 /* AlamofireAdapter.swift */,
			);
			path = Http;
			sourceTree = "<group>";
		};
		B148F0B927850343000B24C6 /* Http */ = {
			isa = PBXGroup;
			children = (
				B148F0AA278470E3000B24C6 /* AlamofireAdapterTests.swift */,
				B148F0BA2785035F000B24C6 /* UrlProtocolStub.swift */,
			);
			path = Http;
			sourceTree = "<group>";
		};
		B148F0C12785087A000B24C6 /* UseCasesIntegrationTests */ = {
			isa = PBXGroup;
			children = (
				B148F0C22785087A000B24C6 /* AddAccountIntegrationTests.swift */,
			);
			path = UseCasesIntegrationTests;
			sourceTree = "<group>";
		};
		B148F0D42785AFCE000B24C6 /* Presentation */ = {
			isa = PBXGroup;
			children = (
				B148F0F22785CBAB000B24C6 /* Validators */,
				B148F0EF2785C7CF000B24C6 /* Presenters */,
				B148F0EC2785C7A3000B24C6 /* Views */,
			);
			path = Presentation;
			sourceTree = "<group>";
		};
		B148F0DE2785AFCE000B24C6 /* PresentationTests */ = {
			isa = PBXGroup;
			children = (
				B16C61DE2786204B0091E762 /* Helpers */,
				B16C61D927861F750091E762 /* UseCases */,
				B16C61D627861F380091E762 /* Validators */,
				B148F0F12785C7EB000B24C6 /* Presenters */,
				B148F0F02785C7E4000B24C6 /* Views */,
			);
			path = PresentationTests;
			sourceTree = "<group>";
		};
		B148F0EC2785C7A3000B24C6 /* Views */ = {
			isa = PBXGroup;
			children = (
				B148F0ED2785C7AC000B24C6 /* AlertView.swift */,
				B16C61CB278610360091E762 /* LoadingView.swift */,
			);
			path = Views;
			sourceTree = "<group>";
		};
		B148F0EF2785C7CF000B24C6 /* Presenters */ = {
			isa = PBXGroup;
			children = (
				B16C61CD27861C7A0091E762 /* SignUp */,
			);
			path = Presenters;
			sourceTree = "<group>";
		};
		B148F0F02785C7E4000B24C6 /* Views */ = {
			isa = PBXGroup;
			children = (
				B16C61D427861EF80091E762 /* AlertViewSpy.swift */,
				B16C61DC27861FCC0091E762 /* LoadingViewSpy.swift */,
			);
			path = Views;
			sourceTree = "<group>";
		};
		B148F0F12785C7EB000B24C6 /* Presenters */ = {
			isa = PBXGroup;
			children = (
				B16C61D327861E8A0091E762 /* SignUp */,
			);
			path = Presenters;
			sourceTree = "<group>";
		};
		B148F0F22785CBAB000B24C6 /* Validators */ = {
			isa = PBXGroup;
			children = (
				B148F0F32785CBBA000B24C6 /* EmailValidator.swift */,
			);
			path = Validators;
			sourceTree = "<group>";
		};
		B16C61CD27861C7A0091E762 /* SignUp */ = {
			isa = PBXGroup;
			children = (
				B148F0E82785C734000B24C6 /* SignUpPresenter.swift */,
				B16C61CE27861CC80091E762 /* SignUpViewModel.swift */,
				B16C61D127861D570091E762 /* SignUpMapper.swift */,
			);
			path = SignUp;
			sourceTree = "<group>";
		};
		B16C61D327861E8A0091E762 /* SignUp */ = {
			isa = PBXGroup;
			children = (
				B148F0DF2785AFCE000B24C6 /* SignUpPresenterTests.swift */,
			);
			path = SignUp;
			sourceTree = "<group>";
		};
		B16C61D627861F380091E762 /* Validators */ = {
			isa = PBXGroup;
			children = (
				B16C61D727861F440091E762 /* EmailValidatorSpy.swift */,
			);
			path = Validators;
			sourceTree = "<group>";
		};
		B16C61D927861F750091E762 /* UseCases */ = {
			isa = PBXGroup;
			children = (
				B16C61DA27861F7F0091E762 /* AddAccountSpy.swift */,
			);
			path = UseCases;
			sourceTree = "<group>";
		};
		B16C61DE2786204B0091E762 /* Helpers */ = {
			isa = PBXGroup;
			children = (
				B16C61DF278620550091E762 /* TestFactories.swift */,
			);
			path = Helpers;
			sourceTree = "<group>";
		};
		B16C61E72786234A0091E762 /* UI */ = {
			isa = PBXGroup;
			children = (
				B1A829232788DBE4005C3240 /* Helpers */,
				B1A8291E2788D319005C3240 /* Scenes */,
			);
			path = UI;
			sourceTree = "<group>";
		};
		B16C61F12786234A0091E762 /* UITests */ = {
			isa = PBXGroup;
			children = (
				B1A829202788D34D005C3240 /* Helpers */,
				B1A8291F2788D324005C3240 /* Scenes */,
			);
			path = UITests;
			sourceTree = "<group>";
		};
		B1A8291C2788D2A7005C3240 /* SignUp */ = {
			isa = PBXGroup;
			children = (
				B16C6200278627D90091E762 /* SignUpViewController.swift */,
				B16C620A27862BB90091E762 /* SignUp.storyboard */,
			);
			path = SignUp;
			sourceTree = "<group>";
		};
		B1A8291D2788D2B4005C3240 /* SignUp */ = {
			isa = PBXGroup;
			children = (
				B16C61F22786234A0091E762 /* SignUpViewControllerTests.swift */,
			);
			path = SignUp;
			sourceTree = "<group>";
		};
		B1A8291E2788D319005C3240 /* Scenes */ = {
			isa = PBXGroup;
			children = (
				B1A8291C2788D2A7005C3240 /* SignUp */,
			);
			path = Scenes;
			sourceTree = "<group>";
		};
		B1A8291F2788D324005C3240 /* Scenes */ = {
			isa = PBXGroup;
			children = (
				B1A8291D2788D2B4005C3240 /* SignUp */,
			);
			path = Scenes;
			sourceTree = "<group>";
		};
		B1A829202788D34D005C3240 /* Helpers */ = {
			isa = PBXGroup;
			children = (
				B1A829212788D35F005C3240 /* TestExtensions.swift */,
			);
			path = Helpers;
			sourceTree = "<group>";
		};
		B1A829232788DBE4005C3240 /* Helpers */ = {
			isa = PBXGroup;
			children = (
				B1A829242788DBFC005C3240 /* UIViewControllerExtensions.swift */,
			);
			path = Helpers;
			sourceTree = "<group>";
		};
/* End PBXGroup section */

/* Begin PBXHeadersBuildPhase section */
		B148F04227836CDF000B24C6 /* Headers */ = {
			isa = PBXHeadersBuildPhase;
			buildActionMask = 2147483647;
			files = (
			);
			runOnlyForDeploymentPostprocessing = 0;
		};
		B148F05227836F5E000B24C6 /* Headers */ = {
			isa = PBXHeadersBuildPhase;
			buildActionMask = 2147483647;
			files = (
			);
			runOnlyForDeploymentPostprocessing = 0;
		};
		B148F090278470AC000B24C6 /* Headers */ = {
			isa = PBXHeadersBuildPhase;
			buildActionMask = 2147483647;
			files = (
			);
			runOnlyForDeploymentPostprocessing = 0;
		};
		B148F0CE2785AFCE000B24C6 /* Headers */ = {
			isa = PBXHeadersBuildPhase;
			buildActionMask = 2147483647;
			files = (
			);
			runOnlyForDeploymentPostprocessing = 0;
		};
		B16C61E12786234A0091E762 /* Headers */ = {
			isa = PBXHeadersBuildPhase;
			buildActionMask = 2147483647;
			files = (
			);
			runOnlyForDeploymentPostprocessing = 0;
		};
/* End PBXHeadersBuildPhase section */

/* Begin PBXNativeTarget section */
		B148F04627836CDF000B24C6 /* Domain */ = {
			isa = PBXNativeTarget;
			buildConfigurationList = B148F04B27836CDF000B24C6 /* Build configuration list for PBXNativeTarget "Domain" */;
			buildPhases = (
				B148F04227836CDF000B24C6 /* Headers */,
				B148F04327836CDF000B24C6 /* Sources */,
				B148F04427836CDF000B24C6 /* Frameworks */,
				B148F04527836CDF000B24C6 /* Resources */,
			);
			buildRules = (
			);
			dependencies = (
			);
			name = Domain;
			productName = Domain;
			productReference = B148F04727836CDF000B24C6 /* Domain.framework */;
			productType = "com.apple.product-type.framework";
		};
		B148F05627836F5E000B24C6 /* Data */ = {
			isa = PBXNativeTarget;
			buildConfigurationList = B148F06627836F5E000B24C6 /* Build configuration list for PBXNativeTarget "Data" */;
			buildPhases = (
				B148F05227836F5E000B24C6 /* Headers */,
				B148F05327836F5E000B24C6 /* Sources */,
				B148F05427836F5E000B24C6 /* Frameworks */,
				B148F05527836F5E000B24C6 /* Resources */,
				B148F07127836FB4000B24C6 /* Embed Frameworks */,
			);
			buildRules = (
			);
			dependencies = (
				B148F07027836FB4000B24C6 /* PBXTargetDependency */,
			);
			name = Data;
			productName = Data;
			productReference = B148F05727836F5E000B24C6 /* Data.framework */;
			productType = "com.apple.product-type.framework";
		};
		B148F05D27836F5E000B24C6 /* DataTests */ = {
			isa = PBXNativeTarget;
			buildConfigurationList = B148F06927836F5E000B24C6 /* Build configuration list for PBXNativeTarget "DataTests" */;
			buildPhases = (
				B148F05A27836F5E000B24C6 /* Sources */,
				B148F05B27836F5E000B24C6 /* Frameworks */,
				B148F05C27836F5E000B24C6 /* Resources */,
			);
			buildRules = (
			);
			dependencies = (
				B148F06127836F5E000B24C6 /* PBXTargetDependency */,
			);
			name = DataTests;
			productName = DataTests;
			productReference = B148F05E27836F5E000B24C6 /* DataTests.xctest */;
			productType = "com.apple.product-type.bundle.unit-test";
		};
		B148F094278470AC000B24C6 /* Infra */ = {
			isa = PBXNativeTarget;
			buildConfigurationList = B148F0A4278470AD000B24C6 /* Build configuration list for PBXNativeTarget "Infra" */;
			buildPhases = (
				B148F090278470AC000B24C6 /* Headers */,
				B148F091278470AC000B24C6 /* Sources */,
				B148F092278470AC000B24C6 /* Frameworks */,
				B148F093278470AC000B24C6 /* Resources */,
				B148F0B0278472A1000B24C6 /* Embed Frameworks */,
			);
			buildRules = (
			);
			dependencies = (
				B148F0AF278472A1000B24C6 /* PBXTargetDependency */,
			);
			name = Infra;
			packageProductDependencies = (
				B148F0B427847424000B24C6 /* Alamofire */,
			);
			productName = Infra;
			productReference = B148F095278470AC000B24C6 /* Infra.framework */;
			productType = "com.apple.product-type.framework";
		};
		B148F09B278470AD000B24C6 /* InfraTests */ = {
			isa = PBXNativeTarget;
			buildConfigurationList = B148F0A7278470AD000B24C6 /* Build configuration list for PBXNativeTarget "InfraTests" */;
			buildPhases = (
				B148F098278470AD000B24C6 /* Sources */,
				B148F099278470AD000B24C6 /* Frameworks */,
				B148F09A278470AD000B24C6 /* Resources */,
			);
			buildRules = (
			);
			dependencies = (
				B148F09F278470AD000B24C6 /* PBXTargetDependency */,
			);
			name = InfraTests;
			productName = InfraTests;
			productReference = B148F09C278470AD000B24C6 /* InfraTests.xctest */;
			productType = "com.apple.product-type.bundle.unit-test";
		};
		B148F0BF2785087A000B24C6 /* UseCasesIntegrationTests */ = {
			isa = PBXNativeTarget;
			buildConfigurationList = B148F0C72785087A000B24C6 /* Build configuration list for PBXNativeTarget "UseCasesIntegrationTests" */;
			buildPhases = (
				B148F0BC2785087A000B24C6 /* Sources */,
				B148F0BD2785087A000B24C6 /* Frameworks */,
				B148F0BE2785087A000B24C6 /* Resources */,
			);
			buildRules = (
			);
			dependencies = (
				B148F0CB278508A1000B24C6 /* PBXTargetDependency */,
				B148F0CD278508A1000B24C6 /* PBXTargetDependency */,
				B148F0C62785087A000B24C6 /* PBXTargetDependency */,
			);
			name = UseCasesIntegrationTests;
			productName = UseCasesIntegrationTests;
			productReference = B148F0C02785087A000B24C6 /* UseCasesIntegrationTests.xctest */;
			productType = "com.apple.product-type.bundle.unit-test";
		};
		B148F0D22785AFCE000B24C6 /* Presentation */ = {
			isa = PBXNativeTarget;
			buildConfigurationList = B148F0E22785AFCE000B24C6 /* Build configuration list for PBXNativeTarget "Presentation" */;
			buildPhases = (
				B148F0CE2785AFCE000B24C6 /* Headers */,
				B148F0CF2785AFCE000B24C6 /* Sources */,
				B148F0D02785AFCE000B24C6 /* Frameworks */,
				B148F0D12785AFCE000B24C6 /* Resources */,
			);
			buildRules = (
			);
			dependencies = (
				B148F0EB2785C74B000B24C6 /* PBXTargetDependency */,
			);
			name = Presentation;
			productName = Presentation;
			productReference = B148F0D32785AFCE000B24C6 /* Presentation.framework */;
			productType = "com.apple.product-type.framework";
		};
		B148F0D92785AFCE000B24C6 /* PresentationTests */ = {
			isa = PBXNativeTarget;
			buildConfigurationList = B148F0E52785AFCE000B24C6 /* Build configuration list for PBXNativeTarget "PresentationTests" */;
			buildPhases = (
				B148F0D62785AFCE000B24C6 /* Sources */,
				B148F0D72785AFCE000B24C6 /* Frameworks */,
				B148F0D82785AFCE000B24C6 /* Resources */,
			);
			buildRules = (
			);
			dependencies = (
				B148F0DD2785AFCE000B24C6 /* PBXTargetDependency */,
			);
			name = PresentationTests;
			productName = PresentationTests;
			productReference = B148F0DA2785AFCE000B24C6 /* PresentationTests.xctest */;
			productType = "com.apple.product-type.bundle.unit-test";
		};
		B16C61E52786234A0091E762 /* UI */ = {
			isa = PBXNativeTarget;
			buildConfigurationList = B16C61F52786234A0091E762 /* Build configuration list for PBXNativeTarget "UI" */;
			buildPhases = (
				B16C61E12786234A0091E762 /* Headers */,
				B16C61E22786234A0091E762 /* Sources */,
				B16C61E32786234A0091E762 /* Frameworks */,
				B16C61E42786234A0091E762 /* Resources */,
				B16C61FF278624DC0091E762 /* Embed Frameworks */,
			);
			buildRules = (
			);
			dependencies = (
				B16C61FE278624DB0091E762 /* PBXTargetDependency */,
			);
			name = UI;
			productName = UI;
			productReference = B16C61E62786234A0091E762 /* UI.framework */;
			productType = "com.apple.product-type.framework";
		};
		B16C61EC2786234A0091E762 /* UITests */ = {
			isa = PBXNativeTarget;
			buildConfigurationList = B16C61F82786234A0091E762 /* Build configuration list for PBXNativeTarget "UITests" */;
			buildPhases = (
				B16C61E92786234A0091E762 /* Sources */,
				B16C61EA2786234A0091E762 /* Frameworks */,
				B16C61EB2786234A0091E762 /* Resources */,
			);
			buildRules = (
			);
			dependencies = (
				B16C61F02786234A0091E762 /* PBXTargetDependency */,
			);
			name = UITests;
			productName = UITests;
			productReference = B16C61ED2786234A0091E762 /* UITests.xctest */;
			productType = "com.apple.product-type.bundle.unit-test";
		};
/* End PBXNativeTarget section */

/* Begin PBXProject section */
		B148F02F27836BD8000B24C6 /* Project object */ = {
			isa = PBXProject;
			attributes = {
				BuildIndependentTargetsInParallel = 1;
				LastSwiftUpdateCheck = 1320;
				LastUpgradeCheck = 1320;
				TargetAttributes = {
					B148F04627836CDF000B24C6 = {
						CreatedOnToolsVersion = 13.2.1;
						LastSwiftMigration = 1320;
					};
					B148F05627836F5E000B24C6 = {
						CreatedOnToolsVersion = 13.2.1;
						LastSwiftMigration = 1320;
					};
					B148F05D27836F5E000B24C6 = {
						CreatedOnToolsVersion = 13.2.1;
					};
					B148F094278470AC000B24C6 = {
						CreatedOnToolsVersion = 13.2.1;
						LastSwiftMigration = 1320;
					};
					B148F09B278470AD000B24C6 = {
						CreatedOnToolsVersion = 13.2.1;
					};
					B148F0BF2785087A000B24C6 = {
						CreatedOnToolsVersion = 13.2.1;
					};
					B148F0D22785AFCE000B24C6 = {
						CreatedOnToolsVersion = 13.2.1;
						LastSwiftMigration = 1320;
					};
					B148F0D92785AFCE000B24C6 = {
						CreatedOnToolsVersion = 13.2.1;
					};
					B16C61E52786234A0091E762 = {
						CreatedOnToolsVersion = 13.2.1;
						LastSwiftMigration = 1320;
					};
					B16C61EC2786234A0091E762 = {
						CreatedOnToolsVersion = 13.2.1;
					};
				};
			};
			buildConfigurationList = B148F03227836BD8000B24C6 /* Build configuration list for PBXProject "CleanApp" */;
			compatibilityVersion = "Xcode 13.0";
			developmentRegion = en;
			hasScannedForEncodings = 0;
			knownRegions = (
				en,
				Base,
			);
			mainGroup = B148F02E27836BD8000B24C6;
			packageReferences = (
				B148F0B327847424000B24C6 /* XCRemoteSwiftPackageReference "Alamofire" */,
			);
			productRefGroup = B148F03927836BD8000B24C6 /* Products */;
			projectDirPath = "";
			projectRoot = "";
			targets = (
				B148F04627836CDF000B24C6 /* Domain */,
				B148F05627836F5E000B24C6 /* Data */,
				B148F05D27836F5E000B24C6 /* DataTests */,
				B148F094278470AC000B24C6 /* Infra */,
				B148F09B278470AD000B24C6 /* InfraTests */,
				B148F0BF2785087A000B24C6 /* UseCasesIntegrationTests */,
				B148F0D22785AFCE000B24C6 /* Presentation */,
				B148F0D92785AFCE000B24C6 /* PresentationTests */,
				B16C61E52786234A0091E762 /* UI */,
				B16C61EC2786234A0091E762 /* UITests */,
			);
		};
/* End PBXProject section */

/* Begin PBXResourcesBuildPhase section */
		B148F04527836CDF000B24C6 /* Resources */ = {
			isa = PBXResourcesBuildPhase;
			buildActionMask = 2147483647;
			files = (
			);
			runOnlyForDeploymentPostprocessing = 0;
		};
		B148F05527836F5E000B24C6 /* Resources */ = {
			isa = PBXResourcesBuildPhase;
			buildActionMask = 2147483647;
			files = (
			);
			runOnlyForDeploymentPostprocessing = 0;
		};
		B148F05C27836F5E000B24C6 /* Resources */ = {
			isa = PBXResourcesBuildPhase;
			buildActionMask = 2147483647;
			files = (
			);
			runOnlyForDeploymentPostprocessing = 0;
		};
		B148F093278470AC000B24C6 /* Resources */ = {
			isa = PBXResourcesBuildPhase;
			buildActionMask = 2147483647;
			files = (
			);
			runOnlyForDeploymentPostprocessing = 0;
		};
		B148F09A278470AD000B24C6 /* Resources */ = {
			isa = PBXResourcesBuildPhase;
			buildActionMask = 2147483647;
			files = (
			);
			runOnlyForDeploymentPostprocessing = 0;
		};
		B148F0BE2785087A000B24C6 /* Resources */ = {
			isa = PBXResourcesBuildPhase;
			buildActionMask = 2147483647;
			files = (
			);
			runOnlyForDeploymentPostprocessing = 0;
		};
		B148F0D12785AFCE000B24C6 /* Resources */ = {
			isa = PBXResourcesBuildPhase;
			buildActionMask = 2147483647;
			files = (
			);
			runOnlyForDeploymentPostprocessing = 0;
		};
		B148F0D82785AFCE000B24C6 /* Resources */ = {
			isa = PBXResourcesBuildPhase;
			buildActionMask = 2147483647;
			files = (
			);
			runOnlyForDeploymentPostprocessing = 0;
		};
		B16C61E42786234A0091E762 /* Resources */ = {
			isa = PBXResourcesBuildPhase;
			buildActionMask = 2147483647;
			files = (
				B16C620B27862BB90091E762 /* SignUp.storyboard in Resources */,
			);
			runOnlyForDeploymentPostprocessing = 0;
		};
		B16C61EB2786234A0091E762 /* Resources */ = {
			isa = PBXResourcesBuildPhase;
			buildActionMask = 2147483647;
			files = (
			);
			runOnlyForDeploymentPostprocessing = 0;
		};
/* End PBXResourcesBuildPhase section */

/* Begin PBXSourcesBuildPhase section */
		B148F04327836CDF000B24C6 /* Sources */ = {
			isa = PBXSourcesBuildPhase;
			buildActionMask = 2147483647;
			files = (
				B148F074278386D8000B24C6 /* Model.swift in Sources */,
				B148F04F27836DA3000B24C6 /* AddAccount.swift in Sources */,
				B148F08027838DA4000B24C6 /* DomainError.swift in Sources */,
				B148F05127836F0F000B24C6 /* AccountModel.swift in Sources */,
			);
			runOnlyForDeploymentPostprocessing = 0;
		};
		B148F05327836F5E000B24C6 /* Sources */ = {
			isa = PBXSourcesBuildPhase;
			buildActionMask = 2147483647;
			files = (
				B148F078278387AD000B24C6 /* HttpPostClient.swift in Sources */,
				B148F08527839FF0000B24C6 /* ExtensionHelpers.swift in Sources */,
				B148F0822783900A000B24C6 /* HttpError.swift in Sources */,
				B148F07627838750000B24C6 /* RemoteAddAccount.swift in Sources */,
			);
			runOnlyForDeploymentPostprocessing = 0;
		};
		B148F05A27836F5E000B24C6 /* Sources */ = {
			isa = PBXSourcesBuildPhase;
			buildActionMask = 2147483647;
			files = (
				B148F08A27846DF6000B24C6 /* TestFactories.swift in Sources */,
				B148F08D27846E7B000B24C6 /* HttpClientSpy.swift in Sources */,
				B148F06427836F5E000B24C6 /* RemoteAddAccountTests.swift in Sources */,
				B148F08F27846EC1000B24C6 /* AccountModelFactory.swift in Sources */,
				B148F08827846D6F000B24C6 /* TestExtensions.swift in Sources */,
			);
			runOnlyForDeploymentPostprocessing = 0;
		};
		B148F091278470AC000B24C6 /* Sources */ = {
			isa = PBXSourcesBuildPhase;
			buildActionMask = 2147483647;
			files = (
				B148F0B727850276000B24C6 /* AlamofireAdapter.swift in Sources */,
			);
			runOnlyForDeploymentPostprocessing = 0;
		};
		B148F098278470AD000B24C6 /* Sources */ = {
			isa = PBXSourcesBuildPhase;
			buildActionMask = 2147483647;
			files = (
				B148F0B2278472F2000B24C6 /* TestFactories.swift in Sources */,
				B148F0AB278470E3000B24C6 /* AlamofireAdapterTests.swift in Sources */,
				B148F0B1278472DF000B24C6 /* TestExtensions.swift in Sources */,
				B148F0BB2785035F000B24C6 /* UrlProtocolStub.swift in Sources */,
			);
			runOnlyForDeploymentPostprocessing = 0;
		};
		B148F0BC2785087A000B24C6 /* Sources */ = {
			isa = PBXSourcesBuildPhase;
			buildActionMask = 2147483647;
			files = (
				B148F0C32785087A000B24C6 /* AddAccountIntegrationTests.swift in Sources */,
			);
			runOnlyForDeploymentPostprocessing = 0;
		};
		B148F0CF2785AFCE000B24C6 /* Sources */ = {
			isa = PBXSourcesBuildPhase;
			buildActionMask = 2147483647;
			files = (
				B16C61D227861D570091E762 /* SignUpMapper.swift in Sources */,
				B148F0EE2785C7AC000B24C6 /* AlertView.swift in Sources */,
				B16C61CC278610360091E762 /* LoadingView.swift in Sources */,
				B16C61D027861CE80091E762 /* SignUpViewModel.swift in Sources */,
				B148F0E92785C734000B24C6 /* SignUpPresenter.swift in Sources */,
				B148F0F42785CBBA000B24C6 /* EmailValidator.swift in Sources */,
			);
			runOnlyForDeploymentPostprocessing = 0;
		};
		B148F0D62785AFCE000B24C6 /* Sources */ = {
			isa = PBXSourcesBuildPhase;
			buildActionMask = 2147483647;
			files = (
				B16C61DD27861FCC0091E762 /* LoadingViewSpy.swift in Sources */,
				B16C61DB27861F7F0091E762 /* AddAccountSpy.swift in Sources */,
				B16C61D527861EF80091E762 /* AlertViewSpy.swift in Sources */,
				B1E978822785FF5A002CA6BF /* AccountModelFactory.swift in Sources */,
				B16C61D827861F440091E762 /* EmailValidatorSpy.swift in Sources */,
				B16C61CA27860E220091E762 /* TestExtensions.swift in Sources */,
				B16C61E0278620550091E762 /* TestFactories.swift in Sources */,
				B148F0E02785AFCE000B24C6 /* SignUpPresenterTests.swift in Sources */,
			);
			runOnlyForDeploymentPostprocessing = 0;
		};
		B16C61E22786234A0091E762 /* Sources */ = {
			isa = PBXSourcesBuildPhase;
			buildActionMask = 2147483647;
			files = (
				B1A829252788DBFC005C3240 /* UIViewControllerExtensions.swift in Sources */,
				B16C6201278627D90091E762 /* SignUpViewController.swift in Sources */,
			);
			runOnlyForDeploymentPostprocessing = 0;
		};
		B16C61E92786234A0091E762 /* Sources */ = {
			isa = PBXSourcesBuildPhase;
			buildActionMask = 2147483647;
			files = (
				B16C61F32786234A0091E762 /* SignUpViewControllerTests.swift in Sources */,
				B1A829222788D35F005C3240 /* TestExtensions.swift in Sources */,
			);
			runOnlyForDeploymentPostprocessing = 0;
		};
/* End PBXSourcesBuildPhase section */

/* Begin PBXTargetDependency section */
		B148F06127836F5E000B24C6 /* PBXTargetDependency */ = {
			isa = PBXTargetDependency;
			target = B148F05627836F5E000B24C6 /* Data */;
			targetProxy = B148F06027836F5E000B24C6 /* PBXContainerItemProxy */;
		};
		B148F07027836FB4000B24C6 /* PBXTargetDependency */ = {
			isa = PBXTargetDependency;
			target = B148F04627836CDF000B24C6 /* Domain */;
			targetProxy = B148F06F27836FB4000B24C6 /* PBXContainerItemProxy */;
		};
		B148F09F278470AD000B24C6 /* PBXTargetDependency */ = {
			isa = PBXTargetDependency;
			target = B148F094278470AC000B24C6 /* Infra */;
			targetProxy = B148F09E278470AD000B24C6 /* PBXContainerItemProxy */;
		};
		B148F0AF278472A1000B24C6 /* PBXTargetDependency */ = {
			isa = PBXTargetDependency;
			target = B148F05627836F5E000B24C6 /* Data */;
			targetProxy = B148F0AE278472A1000B24C6 /* PBXContainerItemProxy */;
		};
		B148F0C62785087A000B24C6 /* PBXTargetDependency */ = {
			isa = PBXTargetDependency;
			target = B148F05627836F5E000B24C6 /* Data */;
			targetProxy = B148F0C52785087A000B24C6 /* PBXContainerItemProxy */;
		};
		B148F0CB278508A1000B24C6 /* PBXTargetDependency */ = {
			isa = PBXTargetDependency;
			target = B148F04627836CDF000B24C6 /* Domain */;
			targetProxy = B148F0CA278508A1000B24C6 /* PBXContainerItemProxy */;
		};
		B148F0CD278508A1000B24C6 /* PBXTargetDependency */ = {
			isa = PBXTargetDependency;
			target = B148F094278470AC000B24C6 /* Infra */;
			targetProxy = B148F0CC278508A1000B24C6 /* PBXContainerItemProxy */;
		};
		B148F0DD2785AFCE000B24C6 /* PBXTargetDependency */ = {
			isa = PBXTargetDependency;
			target = B148F0D22785AFCE000B24C6 /* Presentation */;
			targetProxy = B148F0DC2785AFCE000B24C6 /* PBXContainerItemProxy */;
		};
		B148F0EB2785C74B000B24C6 /* PBXTargetDependency */ = {
			isa = PBXTargetDependency;
			target = B148F04627836CDF000B24C6 /* Domain */;
			targetProxy = B148F0EA2785C74B000B24C6 /* PBXContainerItemProxy */;
		};
		B16C61F02786234A0091E762 /* PBXTargetDependency */ = {
			isa = PBXTargetDependency;
			target = B16C61E52786234A0091E762 /* UI */;
			targetProxy = B16C61EF2786234A0091E762 /* PBXContainerItemProxy */;
		};
		B16C61FE278624DB0091E762 /* PBXTargetDependency */ = {
			isa = PBXTargetDependency;
			target = B148F0D22785AFCE000B24C6 /* Presentation */;
			targetProxy = B16C61FD278624DB0091E762 /* PBXContainerItemProxy */;
		};
/* End PBXTargetDependency section */

/* Begin XCBuildConfiguration section */
		B148F03D27836BD8000B24C6 /* Debug */ = {
			isa = XCBuildConfiguration;
			buildSettings = {
				ALWAYS_SEARCH_USER_PATHS = NO;
				CLANG_ANALYZER_NONNULL = YES;
				CLANG_ANALYZER_NUMBER_OBJECT_CONVERSION = YES_AGGRESSIVE;
				CLANG_CXX_LANGUAGE_STANDARD = "gnu++17";
				CLANG_CXX_LIBRARY = "libc++";
				CLANG_ENABLE_MODULES = YES;
				CLANG_ENABLE_OBJC_ARC = YES;
				CLANG_ENABLE_OBJC_WEAK = YES;
				CLANG_WARN_BLOCK_CAPTURE_AUTORELEASING = YES;
				CLANG_WARN_BOOL_CONVERSION = YES;
				CLANG_WARN_COMMA = YES;
				CLANG_WARN_CONSTANT_CONVERSION = YES;
				CLANG_WARN_DEPRECATED_OBJC_IMPLEMENTATIONS = YES;
				CLANG_WARN_DIRECT_OBJC_ISA_USAGE = YES_ERROR;
				CLANG_WARN_DOCUMENTATION_COMMENTS = YES;
				CLANG_WARN_EMPTY_BODY = YES;
				CLANG_WARN_ENUM_CONVERSION = YES;
				CLANG_WARN_INFINITE_RECURSION = YES;
				CLANG_WARN_INT_CONVERSION = YES;
				CLANG_WARN_NON_LITERAL_NULL_CONVERSION = YES;
				CLANG_WARN_OBJC_IMPLICIT_RETAIN_SELF = YES;
				CLANG_WARN_OBJC_LITERAL_CONVERSION = YES;
				CLANG_WARN_OBJC_ROOT_CLASS = YES_ERROR;
				CLANG_WARN_QUOTED_INCLUDE_IN_FRAMEWORK_HEADER = YES;
				CLANG_WARN_RANGE_LOOP_ANALYSIS = YES;
				CLANG_WARN_STRICT_PROTOTYPES = YES;
				CLANG_WARN_SUSPICIOUS_MOVE = YES;
				CLANG_WARN_UNGUARDED_AVAILABILITY = YES_AGGRESSIVE;
				CLANG_WARN_UNREACHABLE_CODE = YES;
				CLANG_WARN__DUPLICATE_METHOD_MATCH = YES;
				COPY_PHASE_STRIP = NO;
				CURRENT_PROJECT_VERSION = 1;
				DEBUG_INFORMATION_FORMAT = dwarf;
				ENABLE_STRICT_OBJC_MSGSEND = YES;
				ENABLE_TESTABILITY = YES;
				GCC_C_LANGUAGE_STANDARD = gnu11;
				GCC_DYNAMIC_NO_PIC = NO;
				GCC_NO_COMMON_BLOCKS = YES;
				GCC_OPTIMIZATION_LEVEL = 0;
				GCC_PREPROCESSOR_DEFINITIONS = (
					"DEBUG=1",
					"$(inherited)",
				);
				GCC_WARN_64_TO_32_BIT_CONVERSION = YES;
				GCC_WARN_ABOUT_RETURN_TYPE = YES_ERROR;
				GCC_WARN_UNDECLARED_SELECTOR = YES;
				GCC_WARN_UNINITIALIZED_AUTOS = YES_AGGRESSIVE;
				GCC_WARN_UNUSED_FUNCTION = YES;
				GCC_WARN_UNUSED_VARIABLE = YES;
				IPHONEOS_DEPLOYMENT_TARGET = 15.2;
				MTL_ENABLE_DEBUG_INFO = INCLUDE_SOURCE;
				MTL_FAST_MATH = YES;
				ONLY_ACTIVE_ARCH = YES;
				SDKROOT = iphoneos;
				SWIFT_ACTIVE_COMPILATION_CONDITIONS = DEBUG;
				SWIFT_OPTIMIZATION_LEVEL = "-Onone";
				VERSIONING_SYSTEM = "apple-generic";
				VERSION_INFO_PREFIX = "";
			};
			name = Debug;
		};
		B148F03E27836BD8000B24C6 /* Release */ = {
			isa = XCBuildConfiguration;
			buildSettings = {
				ALWAYS_SEARCH_USER_PATHS = NO;
				CLANG_ANALYZER_NONNULL = YES;
				CLANG_ANALYZER_NUMBER_OBJECT_CONVERSION = YES_AGGRESSIVE;
				CLANG_CXX_LANGUAGE_STANDARD = "gnu++17";
				CLANG_CXX_LIBRARY = "libc++";
				CLANG_ENABLE_MODULES = YES;
				CLANG_ENABLE_OBJC_ARC = YES;
				CLANG_ENABLE_OBJC_WEAK = YES;
				CLANG_WARN_BLOCK_CAPTURE_AUTORELEASING = YES;
				CLANG_WARN_BOOL_CONVERSION = YES;
				CLANG_WARN_COMMA = YES;
				CLANG_WARN_CONSTANT_CONVERSION = YES;
				CLANG_WARN_DEPRECATED_OBJC_IMPLEMENTATIONS = YES;
				CLANG_WARN_DIRECT_OBJC_ISA_USAGE = YES_ERROR;
				CLANG_WARN_DOCUMENTATION_COMMENTS = YES;
				CLANG_WARN_EMPTY_BODY = YES;
				CLANG_WARN_ENUM_CONVERSION = YES;
				CLANG_WARN_INFINITE_RECURSION = YES;
				CLANG_WARN_INT_CONVERSION = YES;
				CLANG_WARN_NON_LITERAL_NULL_CONVERSION = YES;
				CLANG_WARN_OBJC_IMPLICIT_RETAIN_SELF = YES;
				CLANG_WARN_OBJC_LITERAL_CONVERSION = YES;
				CLANG_WARN_OBJC_ROOT_CLASS = YES_ERROR;
				CLANG_WARN_QUOTED_INCLUDE_IN_FRAMEWORK_HEADER = YES;
				CLANG_WARN_RANGE_LOOP_ANALYSIS = YES;
				CLANG_WARN_STRICT_PROTOTYPES = YES;
				CLANG_WARN_SUSPICIOUS_MOVE = YES;
				CLANG_WARN_UNGUARDED_AVAILABILITY = YES_AGGRESSIVE;
				CLANG_WARN_UNREACHABLE_CODE = YES;
				CLANG_WARN__DUPLICATE_METHOD_MATCH = YES;
				COPY_PHASE_STRIP = NO;
				CURRENT_PROJECT_VERSION = 1;
				DEBUG_INFORMATION_FORMAT = "dwarf-with-dsym";
				ENABLE_NS_ASSERTIONS = NO;
				ENABLE_STRICT_OBJC_MSGSEND = YES;
				GCC_C_LANGUAGE_STANDARD = gnu11;
				GCC_NO_COMMON_BLOCKS = YES;
				GCC_WARN_64_TO_32_BIT_CONVERSION = YES;
				GCC_WARN_ABOUT_RETURN_TYPE = YES_ERROR;
				GCC_WARN_UNDECLARED_SELECTOR = YES;
				GCC_WARN_UNINITIALIZED_AUTOS = YES_AGGRESSIVE;
				GCC_WARN_UNUSED_FUNCTION = YES;
				GCC_WARN_UNUSED_VARIABLE = YES;
				IPHONEOS_DEPLOYMENT_TARGET = 15.2;
				MTL_ENABLE_DEBUG_INFO = NO;
				MTL_FAST_MATH = YES;
				SDKROOT = iphoneos;
				SWIFT_COMPILATION_MODE = wholemodule;
				SWIFT_OPTIMIZATION_LEVEL = "-O";
				VALIDATE_PRODUCT = YES;
				VERSIONING_SYSTEM = "apple-generic";
				VERSION_INFO_PREFIX = "";
			};
			name = Release;
		};
		B148F04C27836CDF000B24C6 /* Debug */ = {
			isa = XCBuildConfiguration;
			buildSettings = {
				CLANG_ENABLE_MODULES = YES;
				CODE_SIGN_STYLE = Automatic;
				COMBINE_HIDPI_IMAGES = YES;
				CURRENT_PROJECT_VERSION = 1;
				DEFINES_MODULE = YES;
				DEVELOPMENT_TEAM = 9Q3AAX42YQ;
				DYLIB_COMPATIBILITY_VERSION = 1;
				DYLIB_CURRENT_VERSION = 1;
				DYLIB_INSTALL_NAME_BASE = "@rpath";
				GENERATE_INFOPLIST_FILE = YES;
				INFOPLIST_KEY_NSHumanReadableCopyright = "";
				INSTALL_PATH = "$(LOCAL_LIBRARY_DIR)/Frameworks";
				LD_RUNPATH_SEARCH_PATHS = (
					"$(inherited)",
					"@executable_path/../Frameworks",
					"@loader_path/Frameworks",
				);
				MACOSX_DEPLOYMENT_TARGET = 12.0;
				MARKETING_VERSION = 1.0;
				PRODUCT_BUNDLE_IDENTIFIER = LucasPereira.Domain;
				PRODUCT_NAME = "$(TARGET_NAME:c99extidentifier)";
				SDKROOT = macosx;
				SKIP_INSTALL = YES;
				SUPPORTED_PLATFORMS = "iphonesimulator iphoneos macosx";
				SWIFT_EMIT_LOC_STRINGS = YES;
				SWIFT_OPTIMIZATION_LEVEL = "-Onone";
				SWIFT_VERSION = 5.0;
			};
			name = Debug;
		};
		B148F04D27836CDF000B24C6 /* Release */ = {
			isa = XCBuildConfiguration;
			buildSettings = {
				CLANG_ENABLE_MODULES = YES;
				CODE_SIGN_STYLE = Automatic;
				COMBINE_HIDPI_IMAGES = YES;
				CURRENT_PROJECT_VERSION = 1;
				DEFINES_MODULE = YES;
				DEVELOPMENT_TEAM = 9Q3AAX42YQ;
				DYLIB_COMPATIBILITY_VERSION = 1;
				DYLIB_CURRENT_VERSION = 1;
				DYLIB_INSTALL_NAME_BASE = "@rpath";
				GENERATE_INFOPLIST_FILE = YES;
				INFOPLIST_KEY_NSHumanReadableCopyright = "";
				INSTALL_PATH = "$(LOCAL_LIBRARY_DIR)/Frameworks";
				LD_RUNPATH_SEARCH_PATHS = (
					"$(inherited)",
					"@executable_path/../Frameworks",
					"@loader_path/Frameworks",
				);
				MACOSX_DEPLOYMENT_TARGET = 12.0;
				MARKETING_VERSION = 1.0;
				PRODUCT_BUNDLE_IDENTIFIER = LucasPereira.Domain;
				PRODUCT_NAME = "$(TARGET_NAME:c99extidentifier)";
				SDKROOT = macosx;
				SKIP_INSTALL = YES;
				SUPPORTED_PLATFORMS = "iphonesimulator iphoneos macosx";
				SWIFT_EMIT_LOC_STRINGS = YES;
				SWIFT_VERSION = 5.0;
			};
			name = Release;
		};
		B148F06727836F5E000B24C6 /* Debug */ = {
			isa = XCBuildConfiguration;
			buildSettings = {
				CLANG_ENABLE_MODULES = YES;
				CODE_SIGN_STYLE = Automatic;
				COMBINE_HIDPI_IMAGES = YES;
				CURRENT_PROJECT_VERSION = 1;
				DEFINES_MODULE = YES;
				DEVELOPMENT_TEAM = 9Q3AAX42YQ;
				DYLIB_COMPATIBILITY_VERSION = 1;
				DYLIB_CURRENT_VERSION = 1;
				DYLIB_INSTALL_NAME_BASE = "@rpath";
				GENERATE_INFOPLIST_FILE = YES;
				INFOPLIST_KEY_NSHumanReadableCopyright = "";
				INSTALL_PATH = "$(LOCAL_LIBRARY_DIR)/Frameworks";
				LD_RUNPATH_SEARCH_PATHS = (
					"$(inherited)",
					"@executable_path/../Frameworks",
					"@loader_path/Frameworks",
				);
				MACOSX_DEPLOYMENT_TARGET = 12.0;
				MARKETING_VERSION = 1.0;
				PRODUCT_BUNDLE_IDENTIFIER = LucasPereira.Data;
				PRODUCT_NAME = "$(TARGET_NAME:c99extidentifier)";
				SDKROOT = macosx;
				SKIP_INSTALL = YES;
				SUPPORTED_PLATFORMS = "iphonesimulator iphoneos macosx";
				SWIFT_EMIT_LOC_STRINGS = YES;
				SWIFT_OPTIMIZATION_LEVEL = "-Onone";
				SWIFT_VERSION = 5.0;
			};
			name = Debug;
		};
		B148F06827836F5E000B24C6 /* Release */ = {
			isa = XCBuildConfiguration;
			buildSettings = {
				CLANG_ENABLE_MODULES = YES;
				CODE_SIGN_STYLE = Automatic;
				COMBINE_HIDPI_IMAGES = YES;
				CURRENT_PROJECT_VERSION = 1;
				DEFINES_MODULE = YES;
				DEVELOPMENT_TEAM = 9Q3AAX42YQ;
				DYLIB_COMPATIBILITY_VERSION = 1;
				DYLIB_CURRENT_VERSION = 1;
				DYLIB_INSTALL_NAME_BASE = "@rpath";
				GENERATE_INFOPLIST_FILE = YES;
				INFOPLIST_KEY_NSHumanReadableCopyright = "";
				INSTALL_PATH = "$(LOCAL_LIBRARY_DIR)/Frameworks";
				LD_RUNPATH_SEARCH_PATHS = (
					"$(inherited)",
					"@executable_path/../Frameworks",
					"@loader_path/Frameworks",
				);
				MACOSX_DEPLOYMENT_TARGET = 12.0;
				MARKETING_VERSION = 1.0;
				PRODUCT_BUNDLE_IDENTIFIER = LucasPereira.Data;
				PRODUCT_NAME = "$(TARGET_NAME:c99extidentifier)";
				SDKROOT = macosx;
				SKIP_INSTALL = YES;
				SUPPORTED_PLATFORMS = "iphonesimulator iphoneos macosx";
				SWIFT_EMIT_LOC_STRINGS = YES;
				SWIFT_VERSION = 5.0;
			};
			name = Release;
		};
		B148F06A27836F5E000B24C6 /* Debug */ = {
			isa = XCBuildConfiguration;
			buildSettings = {
				ALWAYS_EMBED_SWIFT_STANDARD_LIBRARIES = YES;
				CODE_SIGN_STYLE = Automatic;
				CURRENT_PROJECT_VERSION = 1;
				DEVELOPMENT_TEAM = 9Q3AAX42YQ;
				GENERATE_INFOPLIST_FILE = YES;
				MACOSX_DEPLOYMENT_TARGET = 12.0;
				MARKETING_VERSION = 1.0;
				PRODUCT_BUNDLE_IDENTIFIER = LucasPereira.DataTests;
				PRODUCT_NAME = "$(TARGET_NAME)";
				SDKROOT = macosx;
				SUPPORTED_PLATFORMS = "iphonesimulator iphoneos macosx";
				SWIFT_EMIT_LOC_STRINGS = NO;
				SWIFT_VERSION = 5.0;
			};
			name = Debug;
		};
		B148F06B27836F5E000B24C6 /* Release */ = {
			isa = XCBuildConfiguration;
			buildSettings = {
				ALWAYS_EMBED_SWIFT_STANDARD_LIBRARIES = YES;
				CODE_SIGN_STYLE = Automatic;
				CURRENT_PROJECT_VERSION = 1;
				DEVELOPMENT_TEAM = 9Q3AAX42YQ;
				GENERATE_INFOPLIST_FILE = YES;
				MACOSX_DEPLOYMENT_TARGET = 12.0;
				MARKETING_VERSION = 1.0;
				PRODUCT_BUNDLE_IDENTIFIER = LucasPereira.DataTests;
				PRODUCT_NAME = "$(TARGET_NAME)";
				SDKROOT = macosx;
				SUPPORTED_PLATFORMS = "iphonesimulator iphoneos macosx";
				SWIFT_EMIT_LOC_STRINGS = NO;
				SWIFT_VERSION = 5.0;
			};
			name = Release;
		};
		B148F0A5278470AD000B24C6 /* Debug */ = {
			isa = XCBuildConfiguration;
			buildSettings = {
				CLANG_ENABLE_MODULES = YES;
				CODE_SIGN_STYLE = Automatic;
				COMBINE_HIDPI_IMAGES = YES;
				CURRENT_PROJECT_VERSION = 1;
				DEFINES_MODULE = YES;
				DEVELOPMENT_TEAM = 9Q3AAX42YQ;
				DYLIB_COMPATIBILITY_VERSION = 1;
				DYLIB_CURRENT_VERSION = 1;
				DYLIB_INSTALL_NAME_BASE = "@rpath";
				GENERATE_INFOPLIST_FILE = YES;
				INFOPLIST_KEY_NSHumanReadableCopyright = "";
				INSTALL_PATH = "$(LOCAL_LIBRARY_DIR)/Frameworks";
				LD_RUNPATH_SEARCH_PATHS = (
					"$(inherited)",
					"@executable_path/../Frameworks",
					"@loader_path/Frameworks",
				);
				MACOSX_DEPLOYMENT_TARGET = 12.0;
				MARKETING_VERSION = 1.0;
				PRODUCT_BUNDLE_IDENTIFIER = LucasPereira.Infra;
				PRODUCT_NAME = "$(TARGET_NAME:c99extidentifier)";
				SDKROOT = macosx;
				SKIP_INSTALL = YES;
				SUPPORTED_PLATFORMS = "iphonesimulator iphoneos macosx";
				SWIFT_EMIT_LOC_STRINGS = YES;
				SWIFT_OPTIMIZATION_LEVEL = "-Onone";
				SWIFT_VERSION = 5.0;
			};
			name = Debug;
		};
		B148F0A6278470AD000B24C6 /* Release */ = {
			isa = XCBuildConfiguration;
			buildSettings = {
				CLANG_ENABLE_MODULES = YES;
				CODE_SIGN_STYLE = Automatic;
				COMBINE_HIDPI_IMAGES = YES;
				CURRENT_PROJECT_VERSION = 1;
				DEFINES_MODULE = YES;
				DEVELOPMENT_TEAM = 9Q3AAX42YQ;
				DYLIB_COMPATIBILITY_VERSION = 1;
				DYLIB_CURRENT_VERSION = 1;
				DYLIB_INSTALL_NAME_BASE = "@rpath";
				GENERATE_INFOPLIST_FILE = YES;
				INFOPLIST_KEY_NSHumanReadableCopyright = "";
				INSTALL_PATH = "$(LOCAL_LIBRARY_DIR)/Frameworks";
				LD_RUNPATH_SEARCH_PATHS = (
					"$(inherited)",
					"@executable_path/../Frameworks",
					"@loader_path/Frameworks",
				);
				MACOSX_DEPLOYMENT_TARGET = 12.0;
				MARKETING_VERSION = 1.0;
				PRODUCT_BUNDLE_IDENTIFIER = LucasPereira.Infra;
				PRODUCT_NAME = "$(TARGET_NAME:c99extidentifier)";
				SDKROOT = macosx;
				SKIP_INSTALL = YES;
				SUPPORTED_PLATFORMS = "iphonesimulator iphoneos macosx";
				SWIFT_EMIT_LOC_STRINGS = YES;
				SWIFT_VERSION = 5.0;
			};
			name = Release;
		};
		B148F0A8278470AD000B24C6 /* Debug */ = {
			isa = XCBuildConfiguration;
			buildSettings = {
				ALWAYS_EMBED_SWIFT_STANDARD_LIBRARIES = YES;
				CODE_SIGN_STYLE = Automatic;
				CURRENT_PROJECT_VERSION = 1;
				DEVELOPMENT_TEAM = 9Q3AAX42YQ;
				GENERATE_INFOPLIST_FILE = YES;
				MACOSX_DEPLOYMENT_TARGET = 12.0;
				MARKETING_VERSION = 1.0;
				PRODUCT_BUNDLE_IDENTIFIER = LucasPereira.InfraTests;
				PRODUCT_NAME = "$(TARGET_NAME)";
				SDKROOT = macosx;
				SUPPORTED_PLATFORMS = "iphonesimulator iphoneos macosx";
				SWIFT_EMIT_LOC_STRINGS = NO;
				SWIFT_VERSION = 5.0;
			};
			name = Debug;
		};
		B148F0A9278470AD000B24C6 /* Release */ = {
			isa = XCBuildConfiguration;
			buildSettings = {
				ALWAYS_EMBED_SWIFT_STANDARD_LIBRARIES = YES;
				CODE_SIGN_STYLE = Automatic;
				CURRENT_PROJECT_VERSION = 1;
				DEVELOPMENT_TEAM = 9Q3AAX42YQ;
				GENERATE_INFOPLIST_FILE = YES;
				MACOSX_DEPLOYMENT_TARGET = 12.0;
				MARKETING_VERSION = 1.0;
				PRODUCT_BUNDLE_IDENTIFIER = LucasPereira.InfraTests;
				PRODUCT_NAME = "$(TARGET_NAME)";
				SDKROOT = macosx;
				SUPPORTED_PLATFORMS = "iphonesimulator iphoneos macosx";
				SWIFT_EMIT_LOC_STRINGS = NO;
				SWIFT_VERSION = 5.0;
			};
			name = Release;
		};
		B148F0C82785087A000B24C6 /* Debug */ = {
			isa = XCBuildConfiguration;
			buildSettings = {
				CODE_SIGN_STYLE = Automatic;
				CURRENT_PROJECT_VERSION = 1;
				DEVELOPMENT_TEAM = 9Q3AAX42YQ;
				GENERATE_INFOPLIST_FILE = YES;
				MACOSX_DEPLOYMENT_TARGET = 12.0;
				MARKETING_VERSION = 1.0;
				PRODUCT_BUNDLE_IDENTIFIER = LucasPereira.UseCasesIntegrationTests;
				PRODUCT_NAME = "$(TARGET_NAME)";
				SDKROOT = macosx;
				SUPPORTED_PLATFORMS = "iphonesimulator iphoneos macosx";
				SWIFT_EMIT_LOC_STRINGS = NO;
				SWIFT_VERSION = 5.0;
			};
			name = Debug;
		};
		B148F0C92785087A000B24C6 /* Release */ = {
			isa = XCBuildConfiguration;
			buildSettings = {
				CODE_SIGN_STYLE = Automatic;
				CURRENT_PROJECT_VERSION = 1;
				DEVELOPMENT_TEAM = 9Q3AAX42YQ;
				GENERATE_INFOPLIST_FILE = YES;
				MACOSX_DEPLOYMENT_TARGET = 12.0;
				MARKETING_VERSION = 1.0;
				PRODUCT_BUNDLE_IDENTIFIER = LucasPereira.UseCasesIntegrationTests;
				PRODUCT_NAME = "$(TARGET_NAME)";
				SDKROOT = macosx;
				SUPPORTED_PLATFORMS = "iphonesimulator iphoneos macosx";
				SWIFT_EMIT_LOC_STRINGS = NO;
				SWIFT_VERSION = 5.0;
			};
			name = Release;
		};
		B148F0E32785AFCE000B24C6 /* Debug */ = {
			isa = XCBuildConfiguration;
			buildSettings = {
				CLANG_ENABLE_MODULES = YES;
				CODE_SIGN_STYLE = Automatic;
				COMBINE_HIDPI_IMAGES = YES;
				CURRENT_PROJECT_VERSION = 1;
				DEFINES_MODULE = YES;
				DEVELOPMENT_TEAM = 9Q3AAX42YQ;
				DYLIB_COMPATIBILITY_VERSION = 1;
				DYLIB_CURRENT_VERSION = 1;
				DYLIB_INSTALL_NAME_BASE = "@rpath";
				GENERATE_INFOPLIST_FILE = YES;
				INFOPLIST_KEY_NSHumanReadableCopyright = "";
				INSTALL_PATH = "$(LOCAL_LIBRARY_DIR)/Frameworks";
				LD_RUNPATH_SEARCH_PATHS = (
					"$(inherited)",
					"@executable_path/../Frameworks",
					"@loader_path/Frameworks",
				);
				MACOSX_DEPLOYMENT_TARGET = 12.0;
				MARKETING_VERSION = 1.0;
				PRODUCT_BUNDLE_IDENTIFIER = LucasPereira.Presentation;
				PRODUCT_NAME = "$(TARGET_NAME:c99extidentifier)";
				SDKROOT = macosx;
				SKIP_INSTALL = YES;
				SUPPORTED_PLATFORMS = "iphonesimulator iphoneos macosx";
				SWIFT_EMIT_LOC_STRINGS = YES;
				SWIFT_OPTIMIZATION_LEVEL = "-Onone";
				SWIFT_VERSION = 5.0;
			};
			name = Debug;
		};
		B148F0E42785AFCE000B24C6 /* Release */ = {
			isa = XCBuildConfiguration;
			buildSettings = {
				CLANG_ENABLE_MODULES = YES;
				CODE_SIGN_STYLE = Automatic;
				COMBINE_HIDPI_IMAGES = YES;
				CURRENT_PROJECT_VERSION = 1;
				DEFINES_MODULE = YES;
				DEVELOPMENT_TEAM = 9Q3AAX42YQ;
				DYLIB_COMPATIBILITY_VERSION = 1;
				DYLIB_CURRENT_VERSION = 1;
				DYLIB_INSTALL_NAME_BASE = "@rpath";
				GENERATE_INFOPLIST_FILE = YES;
				INFOPLIST_KEY_NSHumanReadableCopyright = "";
				INSTALL_PATH = "$(LOCAL_LIBRARY_DIR)/Frameworks";
				LD_RUNPATH_SEARCH_PATHS = (
					"$(inherited)",
					"@executable_path/../Frameworks",
					"@loader_path/Frameworks",
				);
				MACOSX_DEPLOYMENT_TARGET = 12.0;
				MARKETING_VERSION = 1.0;
				PRODUCT_BUNDLE_IDENTIFIER = LucasPereira.Presentation;
				PRODUCT_NAME = "$(TARGET_NAME:c99extidentifier)";
				SDKROOT = macosx;
				SKIP_INSTALL = YES;
				SUPPORTED_PLATFORMS = "iphonesimulator iphoneos macosx";
				SWIFT_EMIT_LOC_STRINGS = YES;
				SWIFT_VERSION = 5.0;
			};
			name = Release;
		};
		B148F0E62785AFCE000B24C6 /* Debug */ = {
			isa = XCBuildConfiguration;
			buildSettings = {
				ALWAYS_EMBED_SWIFT_STANDARD_LIBRARIES = YES;
				CODE_SIGN_STYLE = Automatic;
				CURRENT_PROJECT_VERSION = 1;
				DEVELOPMENT_TEAM = 9Q3AAX42YQ;
				GENERATE_INFOPLIST_FILE = YES;
				MACOSX_DEPLOYMENT_TARGET = 12.0;
				MARKETING_VERSION = 1.0;
				PRODUCT_BUNDLE_IDENTIFIER = LucasPereira.PresentationTests;
				PRODUCT_NAME = "$(TARGET_NAME)";
				SDKROOT = macosx;
				SUPPORTED_PLATFORMS = "iphonesimulator iphoneos macosx";
				SWIFT_EMIT_LOC_STRINGS = NO;
				SWIFT_VERSION = 5.0;
			};
			name = Debug;
		};
		B148F0E72785AFCE000B24C6 /* Release */ = {
			isa = XCBuildConfiguration;
			buildSettings = {
				ALWAYS_EMBED_SWIFT_STANDARD_LIBRARIES = YES;
				CODE_SIGN_STYLE = Automatic;
				CURRENT_PROJECT_VERSION = 1;
				DEVELOPMENT_TEAM = 9Q3AAX42YQ;
				GENERATE_INFOPLIST_FILE = YES;
				MACOSX_DEPLOYMENT_TARGET = 12.0;
				MARKETING_VERSION = 1.0;
				PRODUCT_BUNDLE_IDENTIFIER = LucasPereira.PresentationTests;
				PRODUCT_NAME = "$(TARGET_NAME)";
				SDKROOT = macosx;
				SUPPORTED_PLATFORMS = "iphonesimulator iphoneos macosx";
				SWIFT_EMIT_LOC_STRINGS = NO;
				SWIFT_VERSION = 5.0;
			};
			name = Release;
		};
		B16C61F62786234A0091E762 /* Debug */ = {
			isa = XCBuildConfiguration;
			buildSettings = {
				CLANG_ENABLE_MODULES = YES;
				CODE_SIGN_STYLE = Automatic;
				COMBINE_HIDPI_IMAGES = YES;
				CURRENT_PROJECT_VERSION = 1;
				DEFINES_MODULE = YES;
				DEVELOPMENT_TEAM = 9Q3AAX42YQ;
				DYLIB_COMPATIBILITY_VERSION = 1;
				DYLIB_CURRENT_VERSION = 1;
				DYLIB_INSTALL_NAME_BASE = "@rpath";
				GENERATE_INFOPLIST_FILE = YES;
				INFOPLIST_KEY_NSHumanReadableCopyright = "";
				INSTALL_PATH = "$(LOCAL_LIBRARY_DIR)/Frameworks";
				LD_RUNPATH_SEARCH_PATHS = (
					"$(inherited)",
					"@executable_path/../Frameworks",
					"@loader_path/Frameworks",
				);
				MACOSX_DEPLOYMENT_TARGET = 12.0;
				MARKETING_VERSION = 1.0;
				PRODUCT_BUNDLE_IDENTIFIER = LucasPereira.UI;
				PRODUCT_NAME = "$(TARGET_NAME:c99extidentifier)";
				SDKROOT = macosx;
				SKIP_INSTALL = YES;
				SUPPORTED_PLATFORMS = "iphonesimulator iphoneos macosx";
				SWIFT_EMIT_LOC_STRINGS = YES;
				SWIFT_OPTIMIZATION_LEVEL = "-Onone";
				SWIFT_VERSION = 5.0;
			};
			name = Debug;
		};
		B16C61F72786234A0091E762 /* Release */ = {
			isa = XCBuildConfiguration;
			buildSettings = {
				CLANG_ENABLE_MODULES = YES;
				CODE_SIGN_STYLE = Automatic;
				COMBINE_HIDPI_IMAGES = YES;
				CURRENT_PROJECT_VERSION = 1;
				DEFINES_MODULE = YES;
				DEVELOPMENT_TEAM = 9Q3AAX42YQ;
				DYLIB_COMPATIBILITY_VERSION = 1;
				DYLIB_CURRENT_VERSION = 1;
				DYLIB_INSTALL_NAME_BASE = "@rpath";
				GENERATE_INFOPLIST_FILE = YES;
				INFOPLIST_KEY_NSHumanReadableCopyright = "";
				INSTALL_PATH = "$(LOCAL_LIBRARY_DIR)/Frameworks";
				LD_RUNPATH_SEARCH_PATHS = (
					"$(inherited)",
					"@executable_path/../Frameworks",
					"@loader_path/Frameworks",
				);
				MACOSX_DEPLOYMENT_TARGET = 12.0;
				MARKETING_VERSION = 1.0;
				PRODUCT_BUNDLE_IDENTIFIER = LucasPereira.UI;
				PRODUCT_NAME = "$(TARGET_NAME:c99extidentifier)";
				SDKROOT = macosx;
				SKIP_INSTALL = YES;
				SUPPORTED_PLATFORMS = "iphonesimulator iphoneos macosx";
				SWIFT_EMIT_LOC_STRINGS = YES;
				SWIFT_VERSION = 5.0;
			};
			name = Release;
		};
		B16C61F92786234A0091E762 /* Debug */ = {
			isa = XCBuildConfiguration;
			buildSettings = {
				ALWAYS_EMBED_SWIFT_STANDARD_LIBRARIES = YES;
				CODE_SIGN_STYLE = Automatic;
				CURRENT_PROJECT_VERSION = 1;
				DEVELOPMENT_TEAM = 9Q3AAX42YQ;
				GENERATE_INFOPLIST_FILE = YES;
				MACOSX_DEPLOYMENT_TARGET = 12.0;
				MARKETING_VERSION = 1.0;
				PRODUCT_BUNDLE_IDENTIFIER = LucasPereira.UITests;
				PRODUCT_NAME = "$(TARGET_NAME)";
				SDKROOT = macosx;
				SUPPORTED_PLATFORMS = "macosx iphonesimulator iphoneos";
				SWIFT_EMIT_LOC_STRINGS = NO;
				SWIFT_VERSION = 5.0;
			};
			name = Debug;
		};
		B16C61FA2786234A0091E762 /* Release */ = {
			isa = XCBuildConfiguration;
			buildSettings = {
				ALWAYS_EMBED_SWIFT_STANDARD_LIBRARIES = YES;
				CODE_SIGN_STYLE = Automatic;
				CURRENT_PROJECT_VERSION = 1;
				DEVELOPMENT_TEAM = 9Q3AAX42YQ;
				GENERATE_INFOPLIST_FILE = YES;
				MACOSX_DEPLOYMENT_TARGET = 12.0;
				MARKETING_VERSION = 1.0;
				PRODUCT_BUNDLE_IDENTIFIER = LucasPereira.UITests;
				PRODUCT_NAME = "$(TARGET_NAME)";
				SDKROOT = macosx;
				SUPPORTED_PLATFORMS = "macosx iphonesimulator iphoneos";
				SWIFT_EMIT_LOC_STRINGS = NO;
				SWIFT_VERSION = 5.0;
			};
			name = Release;
		};
/* End XCBuildConfiguration section */

/* Begin XCConfigurationList section */
		B148F03227836BD8000B24C6 /* Build configuration list for PBXProject "CleanApp" */ = {
			isa = XCConfigurationList;
			buildConfigurations = (
				B148F03D27836BD8000B24C6 /* Debug */,
				B148F03E27836BD8000B24C6 /* Release */,
			);
			defaultConfigurationIsVisible = 0;
			defaultConfigurationName = Release;
		};
		B148F04B27836CDF000B24C6 /* Build configuration list for PBXNativeTarget "Domain" */ = {
			isa = XCConfigurationList;
			buildConfigurations = (
				B148F04C27836CDF000B24C6 /* Debug */,
				B148F04D27836CDF000B24C6 /* Release */,
			);
			defaultConfigurationIsVisible = 0;
			defaultConfigurationName = Release;
		};
		B148F06627836F5E000B24C6 /* Build configuration list for PBXNativeTarget "Data" */ = {
			isa = XCConfigurationList;
			buildConfigurations = (
				B148F06727836F5E000B24C6 /* Debug */,
				B148F06827836F5E000B24C6 /* Release */,
			);
			defaultConfigurationIsVisible = 0;
			defaultConfigurationName = Release;
		};
		B148F06927836F5E000B24C6 /* Build configuration list for PBXNativeTarget "DataTests" */ = {
			isa = XCConfigurationList;
			buildConfigurations = (
				B148F06A27836F5E000B24C6 /* Debug */,
				B148F06B27836F5E000B24C6 /* Release */,
			);
			defaultConfigurationIsVisible = 0;
			defaultConfigurationName = Release;
		};
		B148F0A4278470AD000B24C6 /* Build configuration list for PBXNativeTarget "Infra" */ = {
			isa = XCConfigurationList;
			buildConfigurations = (
				B148F0A5278470AD000B24C6 /* Debug */,
				B148F0A6278470AD000B24C6 /* Release */,
			);
			defaultConfigurationIsVisible = 0;
			defaultConfigurationName = Release;
		};
		B148F0A7278470AD000B24C6 /* Build configuration list for PBXNativeTarget "InfraTests" */ = {
			isa = XCConfigurationList;
			buildConfigurations = (
				B148F0A8278470AD000B24C6 /* Debug */,
				B148F0A9278470AD000B24C6 /* Release */,
			);
			defaultConfigurationIsVisible = 0;
			defaultConfigurationName = Release;
		};
		B148F0C72785087A000B24C6 /* Build configuration list for PBXNativeTarget "UseCasesIntegrationTests" */ = {
			isa = XCConfigurationList;
			buildConfigurations = (
				B148F0C82785087A000B24C6 /* Debug */,
				B148F0C92785087A000B24C6 /* Release */,
			);
			defaultConfigurationIsVisible = 0;
			defaultConfigurationName = Release;
		};
		B148F0E22785AFCE000B24C6 /* Build configuration list for PBXNativeTarget "Presentation" */ = {
			isa = XCConfigurationList;
			buildConfigurations = (
				B148F0E32785AFCE000B24C6 /* Debug */,
				B148F0E42785AFCE000B24C6 /* Release */,
			);
			defaultConfigurationIsVisible = 0;
			defaultConfigurationName = Release;
		};
		B148F0E52785AFCE000B24C6 /* Build configuration list for PBXNativeTarget "PresentationTests" */ = {
			isa = XCConfigurationList;
			buildConfigurations = (
				B148F0E62785AFCE000B24C6 /* Debug */,
				B148F0E72785AFCE000B24C6 /* Release */,
			);
			defaultConfigurationIsVisible = 0;
			defaultConfigurationName = Release;
		};
		B16C61F52786234A0091E762 /* Build configuration list for PBXNativeTarget "UI" */ = {
			isa = XCConfigurationList;
			buildConfigurations = (
				B16C61F62786234A0091E762 /* Debug */,
				B16C61F72786234A0091E762 /* Release */,
			);
			defaultConfigurationIsVisible = 0;
			defaultConfigurationName = Release;
		};
		B16C61F82786234A0091E762 /* Build configuration list for PBXNativeTarget "UITests" */ = {
			isa = XCConfigurationList;
			buildConfigurations = (
				B16C61F92786234A0091E762 /* Debug */,
				B16C61FA2786234A0091E762 /* Release */,
			);
			defaultConfigurationIsVisible = 0;
			defaultConfigurationName = Release;
		};
/* End XCConfigurationList section */

/* Begin XCRemoteSwiftPackageReference section */
		B148F0B327847424000B24C6 /* XCRemoteSwiftPackageReference "Alamofire" */ = {
			isa = XCRemoteSwiftPackageReference;
			repositoryURL = "https://github.com/Alamofire/Alamofire";
			requirement = {
				kind = upToNextMajorVersion;
				minimumVersion = 5.0.0;
			};
		};
/* End XCRemoteSwiftPackageReference section */

/* Begin XCSwiftPackageProductDependency section */
		B148F0B427847424000B24C6 /* Alamofire */ = {
			isa = XCSwiftPackageProductDependency;
			package = B148F0B327847424000B24C6 /* XCRemoteSwiftPackageReference "Alamofire" */;
			productName = Alamofire;
		};
/* End XCSwiftPackageProductDependency section */
	};
	rootObject = B148F02F27836BD8000B24C6 /* Project object */;
}
